// !$*UTF8*$!
{
	archiveVersion = 1;
	classes = {
	};
	objectVersion = 50;
	objects = {

/* Begin PBXBuildFile section */
		2F75015922299E55002040A7 /* AppDelegate.swift in Sources */ = {isa = PBXBuildFile; fileRef = 2F75015822299E55002040A7 /* AppDelegate.swift */; };
		2F75015B22299E55002040A7 /* ViewController.swift in Sources */ = {isa = PBXBuildFile; fileRef = 2F75015A22299E55002040A7 /* ViewController.swift */; };
		2F75015D22299E55002040A7 /* Assets.xcassets in Resources */ = {isa = PBXBuildFile; fileRef = 2F75015C22299E55002040A7 /* Assets.xcassets */; };
		2F75016022299E55002040A7 /* Main.storyboard in Resources */ = {isa = PBXBuildFile; fileRef = 2F75015E22299E55002040A7 /* Main.storyboard */; };
		2F75016922299F2C002040A7 /* license.txt in Resources */ = {isa = PBXBuildFile; fileRef = 2F75016822299F2C002040A7 /* license.txt */; };
		2F75016C2229FA22002040A7 /* MetaServerEntry.swift in Sources */ = {isa = PBXBuildFile; fileRef = 2F75016B2229FA22002040A7 /* MetaServerEntry.swift */; };
		2F75016E2229FFE8002040A7 /* MetaServer.swift in Sources */ = {isa = PBXBuildFile; fileRef = 2F75016D2229FFE8002040A7 /* MetaServer.swift */; };
		2F750171222A21BE002040A7 /* Collection-extension.swift in Sources */ = {isa = PBXBuildFile; fileRef = 2F750170222A21BE002040A7 /* Collection-extension.swift */; };
/* End PBXBuildFile section */

/* Begin PBXFileReference section */
		2F75015522299E55002040A7 /* Netrek.app */ = {isa = PBXFileReference; explicitFileType = wrapper.application; includeInIndex = 0; path = Netrek.app; sourceTree = BUILT_PRODUCTS_DIR; };
		2F75015822299E55002040A7 /* AppDelegate.swift */ = {isa = PBXFileReference; lastKnownFileType = sourcecode.swift; path = AppDelegate.swift; sourceTree = "<group>"; };
		2F75015A22299E55002040A7 /* ViewController.swift */ = {isa = PBXFileReference; lastKnownFileType = sourcecode.swift; path = ViewController.swift; sourceTree = "<group>"; };
		2F75015C22299E55002040A7 /* Assets.xcassets */ = {isa = PBXFileReference; lastKnownFileType = folder.assetcatalog; path = Assets.xcassets; sourceTree = "<group>"; };
		2F75015F22299E55002040A7 /* Base */ = {isa = PBXFileReference; lastKnownFileType = file.storyboard; name = Base; path = Base.lproj/Main.storyboard; sourceTree = "<group>"; };
		2F75016122299E55002040A7 /* Info.plist */ = {isa = PBXFileReference; lastKnownFileType = text.plist.xml; path = Info.plist; sourceTree = "<group>"; };
		2F75016222299E55002040A7 /* Netrek.entitlements */ = {isa = PBXFileReference; lastKnownFileType = text.plist.entitlements; path = Netrek.entitlements; sourceTree = "<group>"; };
		2F75016822299F2C002040A7 /* license.txt */ = {isa = PBXFileReference; fileEncoding = 4; lastKnownFileType = text; path = license.txt; sourceTree = "<group>"; };
		2F75016B2229FA22002040A7 /* MetaServerEntry.swift */ = {isa = PBXFileReference; lastKnownFileType = sourcecode.swift; path = MetaServerEntry.swift; sourceTree = "<group>"; };
		2F75016D2229FFE8002040A7 /* MetaServer.swift */ = {isa = PBXFileReference; lastKnownFileType = sourcecode.swift; path = MetaServer.swift; sourceTree = "<group>"; };
		2F750170222A21BE002040A7 /* Collection-extension.swift */ = {isa = PBXFileReference; lastKnownFileType = sourcecode.swift; path = "Collection-extension.swift"; sourceTree = "<group>"; };
/* End PBXFileReference section */

/* Begin PBXFrameworksBuildPhase section */
		2F75015222299E55002040A7 /* Frameworks */ = {
			isa = PBXFrameworksBuildPhase;
			buildActionMask = 2147483647;
			files = (
			);
			runOnlyForDeploymentPostprocessing = 0;
		};
/* End PBXFrameworksBuildPhase section */

/* Begin PBXGroup section */
		2F75014C22299E55002040A7 = {
			isa = PBXGroup;
			children = (
				2F75015722299E55002040A7 /* Netrek */,
				2F75015622299E55002040A7 /* Products */,
			);
			sourceTree = "<group>";
		};
		2F75015622299E55002040A7 /* Products */ = {
			isa = PBXGroup;
			children = (
				2F75015522299E55002040A7 /* Netrek.app */,
			);
			name = Products;
			sourceTree = "<group>";
		};
		2F75015722299E55002040A7 /* Netrek */ = {
			isa = PBXGroup;
			children = (
				2F75016F222A21A6002040A7 /* Estensions */,
				2F75016822299F2C002040A7 /* license.txt */,
				2F75015822299E55002040A7 /* AppDelegate.swift */,
				2F75016A2229F9F1002040A7 /* DataTypes */,
				2F75015A22299E55002040A7 /* ViewController.swift */,
				2F75015C22299E55002040A7 /* Assets.xcassets */,
				2F75015E22299E55002040A7 /* Main.storyboard */,
				2F75016122299E55002040A7 /* Info.plist */,
				2F75016222299E55002040A7 /* Netrek.entitlements */,
			);
			path = Netrek;
			sourceTree = "<group>";
		};
		2F75016A2229F9F1002040A7 /* DataTypes */ = {
			isa = PBXGroup;
			children = (
				2F75016B2229FA22002040A7 /* MetaServerEntry.swift */,
				2F75016D2229FFE8002040A7 /* MetaServer.swift */,
			);
			path = DataTypes;
			sourceTree = "<group>";
		};
		2F75016F222A21A6002040A7 /* Estensions */ = {
			isa = PBXGroup;
			children = (
				2F750170222A21BE002040A7 /* Collection-extension.swift */,
			);
			path = Estensions;
			sourceTree = "<group>";
		};
/* End PBXGroup section */

/* Begin PBXNativeTarget section */
		2F75015422299E55002040A7 /* Netrek */ = {
			isa = PBXNativeTarget;
			buildConfigurationList = 2F75016522299E55002040A7 /* Build configuration list for PBXNativeTarget "Netrek" */;
			buildPhases = (
				2F75015122299E55002040A7 /* Sources */,
				2F75015222299E55002040A7 /* Frameworks */,
				2F75015322299E55002040A7 /* Resources */,
			);
			buildRules = (
			);
			dependencies = (
			);
			name = Netrek;
			productName = Netrek;
			productReference = 2F75015522299E55002040A7 /* Netrek.app */;
			productType = "com.apple.product-type.application";
		};
/* End PBXNativeTarget section */

/* Begin PBXProject section */
		2F75014D22299E55002040A7 /* Project object */ = {
			isa = PBXProject;
			attributes = {
				LastSwiftUpdateCheck = 1010;
				LastUpgradeCheck = 1010;
				ORGANIZATIONNAME = "Network Mom LLC";
				TargetAttributes = {
					2F75015422299E55002040A7 = {
						CreatedOnToolsVersion = 10.1;
						SystemCapabilities = {
							com.apple.Sandbox = {
								enabled = 1;
							};
						};
					};
				};
			};
			buildConfigurationList = 2F75015022299E55002040A7 /* Build configuration list for PBXProject "Netrek" */;
			compatibilityVersion = "Xcode 9.3";
			developmentRegion = en;
			hasScannedForEncodings = 0;
			knownRegions = (
				en,
				Base,
			);
			mainGroup = 2F75014C22299E55002040A7;
			productRefGroup = 2F75015622299E55002040A7 /* Products */;
			projectDirPath = "";
			projectRoot = "";
			targets = (
				2F75015422299E55002040A7 /* Netrek */,
			);
		};
/* End PBXProject section */

/* Begin PBXResourcesBuildPhase section */
		2F75015322299E55002040A7 /* Resources */ = {
			isa = PBXResourcesBuildPhase;
			buildActionMask = 2147483647;
			files = (
				2F75016922299F2C002040A7 /* license.txt in Resources */,
				2F75015D22299E55002040A7 /* Assets.xcassets in Resources */,
				2F75016022299E55002040A7 /* Main.storyboard in Resources */,
			);
			runOnlyForDeploymentPostprocessing = 0;
		};
/* End PBXResourcesBuildPhase section */

/* Begin PBXSourcesBuildPhase section */
		2F75015122299E55002040A7 /* Sources */ = {
			isa = PBXSourcesBuildPhase;
			buildActionMask = 2147483647;
			files = (
				2F75016C2229FA22002040A7 /* MetaServerEntry.swift in Sources */,
				2F75016E2229FFE8002040A7 /* MetaServer.swift in Sources */,
				2F75015B22299E55002040A7 /* ViewController.swift in Sources */,
				2F75015922299E55002040A7 /* AppDelegate.swift in Sources */,
				2F750171222A21BE002040A7 /* Collection-extension.swift in Sources */,
			);
			runOnlyForDeploymentPostprocessing = 0;
		};
/* End PBXSourcesBuildPhase section */

/* Begin PBXVariantGroup section */
		2F75015E22299E55002040A7 /* Main.storyboard */ = {
			isa = PBXVariantGroup;
			children = (
				2F75015F22299E55002040A7 /* Base */,
			);
			name = Main.storyboard;
			sourceTree = "<group>";
		};
/* End PBXVariantGroup section */

/* Begin XCBuildConfiguration section */
		2F75016322299E55002040A7 /* Debug */ = {
			isa = XCBuildConfiguration;
			buildSettings = {
				ALWAYS_SEARCH_USER_PATHS = NO;
				CLANG_ANALYZER_NONNULL = YES;
				CLANG_ANALYZER_NUMBER_OBJECT_CONVERSION = YES_AGGRESSIVE;
				CLANG_CXX_LANGUAGE_STANDARD = "gnu++14";
				CLANG_CXX_LIBRARY = "libc++";
				CLANG_ENABLE_MODULES = YES;
				CLANG_ENABLE_OBJC_ARC = YES;
				CLANG_ENABLE_OBJC_WEAK = YES;
				CLANG_WARN_BLOCK_CAPTURE_AUTORELEASING = YES;
				CLANG_WARN_BOOL_CONVERSION = YES;
				CLANG_WARN_COMMA = YES;
				CLANG_WARN_CONSTANT_CONVERSION = YES;
				CLANG_WARN_DEPRECATED_OBJC_IMPLEMENTATIONS = YES;
				CLANG_WARN_DIRECT_OBJC_ISA_USAGE = YES_ERROR;
				CLANG_WARN_DOCUMENTATION_COMMENTS = YES;
				CLANG_WARN_EMPTY_BODY = YES;
				CLANG_WARN_ENUM_CONVERSION = YES;
				CLANG_WARN_INFINITE_RECURSION = YES;
				CLANG_WARN_INT_CONVERSION = YES;
				CLANG_WARN_NON_LITERAL_NULL_CONVERSION = YES;
				CLANG_WARN_OBJC_IMPLICIT_RETAIN_SELF = YES;
				CLANG_WARN_OBJC_LITERAL_CONVERSION = YES;
				CLANG_WARN_OBJC_ROOT_CLASS = YES_ERROR;
				CLANG_WARN_RANGE_LOOP_ANALYSIS = YES;
				CLANG_WARN_STRICT_PROTOTYPES = YES;
				CLANG_WARN_SUSPICIOUS_MOVE = YES;
				CLANG_WARN_UNGUARDED_AVAILABILITY = YES_AGGRESSIVE;
				CLANG_WARN_UNREACHABLE_CODE = YES;
				CLANG_WARN__DUPLICATE_METHOD_MATCH = YES;
				CODE_SIGN_IDENTITY = "Mac Developer";
				COPY_PHASE_STRIP = NO;
				DEBUG_INFORMATION_FORMAT = dwarf;
				ENABLE_STRICT_OBJC_MSGSEND = YES;
				ENABLE_TESTABILITY = YES;
				GCC_C_LANGUAGE_STANDARD = gnu11;
				GCC_DYNAMIC_NO_PIC = NO;
				GCC_NO_COMMON_BLOCKS = YES;
				GCC_OPTIMIZATION_LEVEL = 0;
				GCC_PREPROCESSOR_DEFINITIONS = (
					"DEBUG=1",
					"$(inherited)",
				);
				GCC_WARN_64_TO_32_BIT_CONVERSION = YES;
				GCC_WARN_ABOUT_RETURN_TYPE = YES_ERROR;
				GCC_WARN_UNDECLARED_SELECTOR = YES;
				GCC_WARN_UNINITIALIZED_AUTOS = YES_AGGRESSIVE;
				GCC_WARN_UNUSED_FUNCTION = YES;
				GCC_WARN_UNUSED_VARIABLE = YES;
				MACOSX_DEPLOYMENT_TARGET = 10.14;
				MTL_ENABLE_DEBUG_INFO = INCLUDE_SOURCE;
				MTL_FAST_MATH = YES;
				ONLY_ACTIVE_ARCH = YES;
				SDKROOT = macosx;
				SWIFT_ACTIVE_COMPILATION_CONDITIONS = DEBUG;
				SWIFT_OPTIMIZATION_LEVEL = "-Onone";
			};
			name = Debug;
		};
		2F75016422299E55002040A7 /* Release */ = {
			isa = XCBuildConfiguration;
			buildSettings = {
				ALWAYS_SEARCH_USER_PATHS = NO;
				CLANG_ANALYZER_NONNULL = YES;
				CLANG_ANALYZER_NUMBER_OBJECT_CONVERSION = YES_AGGRESSIVE;
				CLANG_CXX_LANGUAGE_STANDARD = "gnu++14";
				CLANG_CXX_LIBRARY = "libc++";
				CLANG_ENABLE_MODULES = YES;
				CLANG_ENABLE_OBJC_ARC = YES;
				CLANG_ENABLE_OBJC_WEAK = YES;
				CLANG_WARN_BLOCK_CAPTURE_AUTORELEASING = YES;
				CLANG_WARN_BOOL_CONVERSION = YES;
				CLANG_WARN_COMMA = YES;
				CLANG_WARN_CONSTANT_CONVERSION = YES;
				CLANG_WARN_DEPRECATED_OBJC_IMPLEMENTATIONS = YES;
				CLANG_WARN_DIRECT_OBJC_ISA_USAGE = YES_ERROR;
				CLANG_WARN_DOCUMENTATION_COMMENTS = YES;
				CLANG_WARN_EMPTY_BODY = YES;
				CLANG_WARN_ENUM_CONVERSION = YES;
				CLANG_WARN_INFINITE_RECURSION = YES;
				CLANG_WARN_INT_CONVERSION = YES;
				CLANG_WARN_NON_LITERAL_NULL_CONVERSION = YES;
				CLANG_WARN_OBJC_IMPLICIT_RETAIN_SELF = YES;
				CLANG_WARN_OBJC_LITERAL_CONVERSION = YES;
				CLANG_WARN_OBJC_ROOT_CLASS = YES_ERROR;
				CLANG_WARN_RANGE_LOOP_ANALYSIS = YES;
				CLANG_WARN_STRICT_PROTOTYPES = YES;
				CLANG_WARN_SUSPICIOUS_MOVE = YES;
				CLANG_WARN_UNGUARDED_AVAILABILITY = YES_AGGRESSIVE;
				CLANG_WARN_UNREACHABLE_CODE = YES;
				CLANG_WARN__DUPLICATE_METHOD_MATCH = YES;
				CODE_SIGN_IDENTITY = "Mac Developer";
				COPY_PHASE_STRIP = NO;
				DEBUG_INFORMATION_FORMAT = "dwarf-with-dsym";
				ENABLE_NS_ASSERTIONS = NO;
				ENABLE_STRICT_OBJC_MSGSEND = YES;
				GCC_C_LANGUAGE_STANDARD = gnu11;
				GCC_NO_COMMON_BLOCKS = YES;
				GCC_WARN_64_TO_32_BIT_CONVERSION = YES;
				GCC_WARN_ABOUT_RETURN_TYPE = YES_ERROR;
				GCC_WARN_UNDECLARED_SELECTOR = YES;
				GCC_WARN_UNINITIALIZED_AUTOS = YES_AGGRESSIVE;
				GCC_WARN_UNUSED_FUNCTION = YES;
				GCC_WARN_UNUSED_VARIABLE = YES;
				MACOSX_DEPLOYMENT_TARGET = 10.14;
				MTL_ENABLE_DEBUG_INFO = NO;
				MTL_FAST_MATH = YES;
				SDKROOT = macosx;
				SWIFT_COMPILATION_MODE = wholemodule;
				SWIFT_OPTIMIZATION_LEVEL = "-O";
			};
			name = Release;
		};
		2F75016622299E55002040A7 /* Debug */ = {
			isa = XCBuildConfiguration;
			buildSettings = {
				ASSETCATALOG_COMPILER_APPICON_NAME = AppIcon;
				CODE_SIGN_ENTITLEMENTS = Netrek/Netrek.entitlements;
				CODE_SIGN_STYLE = Automatic;
				COMBINE_HIDPI_IMAGES = YES;
				DEVELOPMENT_TEAM = 8DU2Q8ABKY;
				INFOPLIST_FILE = Netrek/Info.plist;
				LD_RUNPATH_SEARCH_PATHS = (
					"$(inherited)",
					"@executable_path/../Frameworks",
				);
				PRODUCT_BUNDLE_IDENTIFIER = net.networkmom.Netrek;
				PRODUCT_NAME = "$(TARGET_NAME)";
				SWIFT_VERSION = 4.2;
			};
			name = Debug;
		};
		2F75016722299E55002040A7 /* Release */ = {
			isa = XCBuildConfiguration;
			buildSettings = {
				ASSETCATALOG_COMPILER_APPICON_NAME = AppIcon;
				CODE_SIGN_ENTITLEMENTS = Netrek/Netrek.entitlements;
				CODE_SIGN_STYLE = Automatic;
				COMBINE_HIDPI_IMAGES = YES;
				DEVELOPMENT_TEAM = 8DU2Q8ABKY;
				INFOPLIST_FILE = Netrek/Info.plist;
				LD_RUNPATH_SEARCH_PATHS = (
					"$(inherited)",
					"@executable_path/../Frameworks",
				);
				PRODUCT_BUNDLE_IDENTIFIER = net.networkmom.Netrek;
				PRODUCT_NAME = "$(TARGET_NAME)";
				SWIFT_VERSION = 4.2;
			};
			name = Release;
		};
/* End XCBuildConfiguration section */

/* Begin XCConfigurationList section */
		2F75015022299E55002040A7 /* Build configuration list for PBXProject "Netrek" */ = {
			isa = XCConfigurationList;
			buildConfigurations = (
				2F75016322299E55002040A7 /* Debug */,
				2F75016422299E55002040A7 /* Release */,
			);
			defaultConfigurationIsVisible = 0;
			defaultConfigurationName = Release;
		};
		2F75016522299E55002040A7 /* Build configuration list for PBXNativeTarget "Netrek" */ = {
			isa = XCConfigurationList;
			buildConfigurations = (
				2F75016622299E55002040A7 /* Debug */,
				2F75016722299E55002040A7 /* Release */,
			);
			defaultConfigurationIsVisible = 0;
			defaultConfigurationName = Release;
		};
/* End XCConfigurationList section */
	};
	rootObject = 2F75014D22299E55002040A7 /* Project object */;
}
