// !$*UTF8*$!
{
	archiveVersion = 1;
	classes = {
	};
	objectVersion = 50;
	objects = {

/* Begin PBXBuildFile section */
		2F03C7F822500D370029B190 /* Hint.swift in Sources */ = {isa = PBXBuildFile; fileRef = 2F03C7F722500D370029B190 /* Hint.swift */; };
		2F03C7FA225035570029B190 /* TipController.swift in Sources */ = {isa = PBXBuildFile; fileRef = 2F03C7F9225035570029B190 /* TipController.swift */; };
		2F03C86C225046110029B190 /* version-1.1.1a in Resources */ = {isa = PBXBuildFile; fileRef = 2F03C7FC225046100029B190 /* version-1.1.1a */; };
		2F03C86D225046110029B190 /* opensslconf.h.orig in Resources */ = {isa = PBXBuildFile; fileRef = 2F03C812225046100029B190 /* opensslconf.h.orig */; };
		2F03C86E225046110029B190 /* libcrypto.a in Frameworks */ = {isa = PBXBuildFile; fileRef = 2F03C86A225046100029B190 /* libcrypto.a */; };
		2F03C86F225046110029B190 /* libssl.a in Frameworks */ = {isa = PBXBuildFile; fileRef = 2F03C86B225046100029B190 /* libssl.a */; };
		2F03C87522504B250029B190 /* pkcs7_union_accessors.c in Sources */ = {isa = PBXBuildFile; fileRef = 2F03C87222504B250029B190 /* pkcs7_union_accessors.c */; };
		2F03C87622504B250029B190 /* SwiftyLocalReceiptValidator.swift in Sources */ = {isa = PBXBuildFile; fileRef = 2F03C87322504B250029B190 /* SwiftyLocalReceiptValidator.swift */; };
		2F03C8792251BFA70029B190 /* StoreKit.framework in Frameworks */ = {isa = PBXBuildFile; fileRef = 2F03C8782251BFA70029B190 /* StoreKit.framework */; };
		2F03C9652252ED510029B190 /* Netrek.help in Resources */ = {isa = PBXBuildFile; fileRef = 2F03C9642252ED510029B190 /* Netrek.help */; };
		2F75015922299E55002040A7 /* AppDelegate.swift in Sources */ = {isa = PBXBuildFile; fileRef = 2F75015822299E55002040A7 /* AppDelegate.swift */; };
		2F75015B22299E55002040A7 /* OverallViewController.swift in Sources */ = {isa = PBXBuildFile; fileRef = 2F75015A22299E55002040A7 /* OverallViewController.swift */; };
		2F75015D22299E55002040A7 /* Assets.xcassets in Resources */ = {isa = PBXBuildFile; fileRef = 2F75015C22299E55002040A7 /* Assets.xcassets */; };
		2F75016022299E55002040A7 /* Main.storyboard in Resources */ = {isa = PBXBuildFile; fileRef = 2F75015E22299E55002040A7 /* Main.storyboard */; };
		2F75016C2229FA22002040A7 /* MetaServerEntry.swift in Sources */ = {isa = PBXBuildFile; fileRef = 2F75016B2229FA22002040A7 /* MetaServerEntry.swift */; };
		2F75016E2229FFE8002040A7 /* MetaServer.swift in Sources */ = {isa = PBXBuildFile; fileRef = 2F75016D2229FFE8002040A7 /* MetaServer.swift */; };
		2F750171222A21BE002040A7 /* Collection-extensions.swift in Sources */ = {isa = PBXBuildFile; fileRef = 2F750170222A21BE002040A7 /* Collection-extensions.swift */; };
		2F750179222A4461002040A7 /* TcpReader.swift in Sources */ = {isa = PBXBuildFile; fileRef = 2F750178222A4461002040A7 /* TcpReader.swift */; };
		2F75017B222A4956002040A7 /* Globals.swift in Sources */ = {isa = PBXBuildFile; fileRef = 2F75017A222A4956002040A7 /* Globals.swift */; };
		2F75017E222A57EC002040A7 /* NetworkDelegate.swift in Sources */ = {isa = PBXBuildFile; fileRef = 2F75017D222A57EC002040A7 /* NetworkDelegate.swift */; };
		2F750180222AEC8B002040A7 /* MakePacket.swift in Sources */ = {isa = PBXBuildFile; fileRef = 2F75017F222AEC8B002040A7 /* MakePacket.swift */; };
		2F750183222AF698002040A7 /* enumerations.swift in Sources */ = {isa = PBXBuildFile; fileRef = 2F750182222AF698002040A7 /* enumerations.swift */; };
		2F750185222B2476002040A7 /* PacketAnalyzer.swift in Sources */ = {isa = PBXBuildFile; fileRef = 2F750184222B2476002040A7 /* PacketAnalyzer.swift */; };
		2F750189222B4532002040A7 /* MessageViewController.swift in Sources */ = {isa = PBXBuildFile; fileRef = 2F750188222B4532002040A7 /* MessageViewController.swift */; };
		2F750194222B6019002040A7 /* Universe.swift in Sources */ = {isa = PBXBuildFile; fileRef = 2F750193222B6019002040A7 /* Universe.swift */; };
		2F750196222B6048002040A7 /* Player.swift in Sources */ = {isa = PBXBuildFile; fileRef = 2F750195222B6048002040A7 /* Player.swift */; };
		2F750198222B66AF002040A7 /* Data-extensions.swift in Sources */ = {isa = PBXBuildFile; fileRef = 2F750197222B66AF002040A7 /* Data-extensions.swift */; };
		2F75019A222C33D6002040A7 /* Planet.swift in Sources */ = {isa = PBXBuildFile; fileRef = 2F750199222C33D6002040A7 /* Planet.swift */; };
		2F7501A0222C8E59002040A7 /* Tuple16.swift in Sources */ = {isa = PBXBuildFile; fileRef = 2F75019F222C8E59002040A7 /* Tuple16.swift */; };
		2F7501A2222C930B002040A7 /* packets-extensions.swift in Sources */ = {isa = PBXBuildFile; fileRef = 2F7501A1222C930B002040A7 /* packets-extensions.swift */; };
		2F7501A4222CA33C002040A7 /* packets.swift in Sources */ = {isa = PBXBuildFile; fileRef = 2F7501A3222CA33C002040A7 /* packets.swift */; };
		2F7501A8222F251B002040A7 /* Torpedo.swift in Sources */ = {isa = PBXBuildFile; fileRef = 2F7501A7222F251B002040A7 /* Torpedo.swift */; };
		2F7501AA222F2CBE002040A7 /* Laser.swift in Sources */ = {isa = PBXBuildFile; fileRef = 2F7501A9222F2CBE002040A7 /* Laser.swift */; };
		2F7501AC222F42E0002040A7 /* Plasma.swift in Sources */ = {isa = PBXBuildFile; fileRef = 2F7501AB222F42E0002040A7 /* Plasma.swift */; };
		2F7501B1222F5AD9002040A7 /* TacticalViewController.swift in Sources */ = {isa = PBXBuildFile; fileRef = 2F7501B0222F5AD9002040A7 /* TacticalViewController.swift */; };
		2F7501B3222F5B8F002040A7 /* StrategicViewController.swift in Sources */ = {isa = PBXBuildFile; fileRef = 2F7501B2222F5B8F002040A7 /* StrategicViewController.swift */; };
		2F7501B5222F5BD7002040A7 /* TacticalView.swift in Sources */ = {isa = PBXBuildFile; fileRef = 2F7501B4222F5BD7002040A7 /* TacticalView.swift */; };
		2F94A82F2230DA3B00FAAF39 /* TacticalScene.swift in Sources */ = {isa = PBXBuildFile; fileRef = 2F94A82E2230DA3B00FAAF39 /* TacticalScene.swift */; };
		2F94A8312231AEA800FAAF39 /* NetrekMath.swift in Sources */ = {isa = PBXBuildFile; fileRef = 2F94A8302231AEA800FAAF39 /* NetrekMath.swift */; };
		2F94A83322324C2600FAAF39 /* SKView-extensions.swift in Sources */ = {isa = PBXBuildFile; fileRef = 2F94A83222324C2600FAAF39 /* SKView-extensions.swift */; };
		2F94A8352233009600FAAF39 /* KeymapController.swift in Sources */ = {isa = PBXBuildFile; fileRef = 2F94A8342233009600FAAF39 /* KeymapController.swift */; };
		2FA665EF2238A67800F0CA76 /* ShieldFactory.swift in Sources */ = {isa = PBXBuildFile; fileRef = 2FA665EE2238A67800F0CA76 /* ShieldFactory.swift */; };
		2FA665F52239770200F0CA76 /* Credits.rtf in Resources */ = {isa = PBXBuildFile; fileRef = 2FA665F42239770200F0CA76 /* Credits.rtf */; };
		2FA665F722397B1B00F0CA76 /* SoundController.swift in Sources */ = {isa = PBXBuildFile; fileRef = 2FA665F622397B1B00F0CA76 /* SoundController.swift */; };
		2FA665FA22397E1300F0CA76 /* 399303__deleted-user-5405837__explosion-012.mp3 in Resources */ = {isa = PBXBuildFile; fileRef = 2FA665F922397E1300F0CA76 /* 399303__deleted-user-5405837__explosion-012.mp3 */; };
		2FA666012239862100F0CA76 /* 175269__jonccox__gun-zap2.wav in Resources */ = {isa = PBXBuildFile; fileRef = 2FA665FB2239862000F0CA76 /* 175269__jonccox__gun-zap2.wav */; };
		2FA666022239862100F0CA76 /* 175270__jonccox__gun-zap.wav in Resources */ = {isa = PBXBuildFile; fileRef = 2FA665FC2239862000F0CA76 /* 175270__jonccox__gun-zap.wav */; };
		2FA666032239862100F0CA76 /* 175267__jonccox__gun-plasma.wav in Resources */ = {isa = PBXBuildFile; fileRef = 2FA665FD2239862000F0CA76 /* 175267__jonccox__gun-plasma.wav */; };
		2FA666042239862100F0CA76 /* 175265__jonccox__gun-thumper.wav in Resources */ = {isa = PBXBuildFile; fileRef = 2FA665FE2239862100F0CA76 /* 175265__jonccox__gun-thumper.wav */; };
		2FA666052239862100F0CA76 /* 175266__jonccox__gun-spark.wav in Resources */ = {isa = PBXBuildFile; fileRef = 2FA665FF2239862100F0CA76 /* 175266__jonccox__gun-spark.wav */; };
		2FA666062239862100F0CA76 /* 175262__jonccox__gun-cannon.wav in Resources */ = {isa = PBXBuildFile; fileRef = 2FA666002239862100F0CA76 /* 175262__jonccox__gun-cannon.wav */; };
		2FA666082239987400F0CA76 /* 71852__ludvique__digital-whoosh-soft.wav in Resources */ = {isa = PBXBuildFile; fileRef = 2FA666072239987400F0CA76 /* 71852__ludvique__digital-whoosh-soft.wav */; };
		2FA6660A2239A4F500F0CA76 /* ControlPreferencesController.swift in Sources */ = {isa = PBXBuildFile; fileRef = 2FA666092239A4F500F0CA76 /* ControlPreferencesController.swift */; };
		2FA6660C2239A5CA00F0CA76 /* FlipScrollView.swift in Sources */ = {isa = PBXBuildFile; fileRef = 2FA6660B2239A5CA00F0CA76 /* FlipScrollView.swift */; };
		2FA6660E2239A8C300F0CA76 /* Label.swift in Sources */ = {isa = PBXBuildFile; fileRef = 2FA6660D2239A8C300F0CA76 /* Label.swift */; };
		2FA666102239ABFD00F0CA76 /* FlipView.swift in Sources */ = {isa = PBXBuildFile; fileRef = 2FA6660F2239ABFD00F0CA76 /* FlipView.swift */; };
		2FD339CE223C2A43009AA1E8 /* KeychainService.swift in Sources */ = {isa = PBXBuildFile; fileRef = 2FD339CD223C2A43009AA1E8 /* KeychainService.swift */; };
		2FD339D5223C8EA3009AA1E8 /* ManualServerController.swift in Sources */ = {isa = PBXBuildFile; fileRef = 2FD339D3223C8EA3009AA1E8 /* ManualServerController.swift */; };
		2FD339D6223C8EA3009AA1E8 /* ManualServerController.xib in Resources */ = {isa = PBXBuildFile; fileRef = 2FD339D4223C8EA3009AA1E8 /* ManualServerController.xib */; };
		2FD339FA2242E50C009AA1E8 /* OverallWindowController.swift in Sources */ = {isa = PBXBuildFile; fileRef = 2FD339F92242E50C009AA1E8 /* OverallWindowController.swift */; };
		2FD8567422335770005165C1 /* PlayerListViewController.swift in Sources */ = {isa = PBXBuildFile; fileRef = 2FD8567322335770005165C1 /* PlayerListViewController.swift */; };
		2FD8569422337CFC005165C1 /* PlayerView.swift in Sources */ = {isa = PBXBuildFile; fileRef = 2FD8569322337CFC005165C1 /* PlayerView.swift */; };
		2FD856962234222D005165C1 /* StrategicView.swift in Sources */ = {isa = PBXBuildFile; fileRef = 2FD856952234222D005165C1 /* StrategicView.swift */; };
		2FD8569822346743005165C1 /* HUDViewController.swift in Sources */ = {isa = PBXBuildFile; fileRef = 2FD8569722346743005165C1 /* HUDViewController.swift */; };
		2FD8569A22346760005165C1 /* HUDView.swift in Sources */ = {isa = PBXBuildFile; fileRef = 2FD8569922346760005165C1 /* HUDView.swift */; };
		2FD8569C22347566005165C1 /* ShipInfo.swift in Sources */ = {isa = PBXBuildFile; fileRef = 2FD8569B22347566005165C1 /* ShipInfo.swift */; };
		2FD8569E2234C660005165C1 /* SendMessageViewController.swift in Sources */ = {isa = PBXBuildFile; fileRef = 2FD8569D2234C660005165C1 /* SendMessageViewController.swift */; };
		2FDCD3DF2239C9C300C0AE67 /* OtherPreferencesController.swift in Sources */ = {isa = PBXBuildFile; fileRef = 2FDCD3DE2239C9C300C0AE67 /* OtherPreferencesController.swift */; };
		2FDCD3E5223B27FF00C0AE67 /* LoginInformationController.swift in Sources */ = {isa = PBXBuildFile; fileRef = 2FDCD3E4223B27FF00C0AE67 /* LoginInformationController.swift */; };
		2FDCD3E7223B354200C0AE67 /* UserDefaults-extensions.swift in Sources */ = {isa = PBXBuildFile; fileRef = 2FDCD3E6223B354200C0AE67 /* UserDefaults-extensions.swift */; };
/* End PBXBuildFile section */

/* Begin PBXFileReference section */
		2F03C7F722500D370029B190 /* Hint.swift */ = {isa = PBXFileReference; lastKnownFileType = sourcecode.swift; path = Hint.swift; sourceTree = "<group>"; };
		2F03C7F9225035570029B190 /* TipController.swift */ = {isa = PBXFileReference; lastKnownFileType = sourcecode.swift; path = TipController.swift; sourceTree = "<group>"; };
		2F03C7FC225046100029B190 /* version-1.1.1a */ = {isa = PBXFileReference; fileEncoding = 4; lastKnownFileType = text; path = "version-1.1.1a"; sourceTree = "<group>"; };
		2F03C7FF225046100029B190 /* pem2.h */ = {isa = PBXFileReference; fileEncoding = 4; lastKnownFileType = sourcecode.c.h; path = pem2.h; sourceTree = "<group>"; };
		2F03C800225046100029B190 /* kdf.h */ = {isa = PBXFileReference; fileEncoding = 4; lastKnownFileType = sourcecode.c.h; path = kdf.h; sourceTree = "<group>"; };
		2F03C801225046100029B190 /* pem.h */ = {isa = PBXFileReference; fileEncoding = 4; lastKnownFileType = sourcecode.c.h; path = pem.h; sourceTree = "<group>"; };
		2F03C802225046100029B190 /* asyncerr.h */ = {isa = PBXFileReference; fileEncoding = 4; lastKnownFileType = sourcecode.c.h; path = asyncerr.h; sourceTree = "<group>"; };
		2F03C803225046100029B190 /* md2.h */ = {isa = PBXFileReference; fileEncoding = 4; lastKnownFileType = sourcecode.c.h; path = md2.h; sourceTree = "<group>"; };
		2F03C804225046100029B190 /* ssl3.h */ = {isa = PBXFileReference; fileEncoding = 4; lastKnownFileType = sourcecode.c.h; path = ssl3.h; sourceTree = "<group>"; };
		2F03C805225046100029B190 /* ossl_typ.h */ = {isa = PBXFileReference; fileEncoding = 4; lastKnownFileType = sourcecode.c.h; path = ossl_typ.h; sourceTree = "<group>"; };
		2F03C806225046100029B190 /* dtls1.h */ = {isa = PBXFileReference; fileEncoding = 4; lastKnownFileType = sourcecode.c.h; path = dtls1.h; sourceTree = "<group>"; };
		2F03C807225046100029B190 /* err.h */ = {isa = PBXFileReference; fileEncoding = 4; lastKnownFileType = sourcecode.c.h; path = err.h; sourceTree = "<group>"; };
		2F03C808225046100029B190 /* bn.h */ = {isa = PBXFileReference; fileEncoding = 4; lastKnownFileType = sourcecode.c.h; path = bn.h; sourceTree = "<group>"; };
		2F03C809225046100029B190 /* blowfish.h */ = {isa = PBXFileReference; fileEncoding = 4; lastKnownFileType = sourcecode.c.h; path = blowfish.h; sourceTree = "<group>"; };
		2F03C80A225046100029B190 /* cms.h */ = {isa = PBXFileReference; fileEncoding = 4; lastKnownFileType = sourcecode.c.h; path = cms.h; sourceTree = "<group>"; };
		2F03C80B225046100029B190 /* engine.h */ = {isa = PBXFileReference; fileEncoding = 4; lastKnownFileType = sourcecode.c.h; path = engine.h; sourceTree = "<group>"; };
		2F03C80C225046100029B190 /* conf_api.h */ = {isa = PBXFileReference; fileEncoding = 4; lastKnownFileType = sourcecode.c.h; path = conf_api.h; sourceTree = "<group>"; };
		2F03C80D225046100029B190 /* x509.h */ = {isa = PBXFileReference; fileEncoding = 4; lastKnownFileType = sourcecode.c.h; path = x509.h; sourceTree = "<group>"; };
		2F03C80E225046100029B190 /* asn1_mac.h */ = {isa = PBXFileReference; fileEncoding = 4; lastKnownFileType = sourcecode.c.h; path = asn1_mac.h; sourceTree = "<group>"; };
		2F03C80F225046100029B190 /* objectserr.h */ = {isa = PBXFileReference; fileEncoding = 4; lastKnownFileType = sourcecode.c.h; path = objectserr.h; sourceTree = "<group>"; };
		2F03C810225046100029B190 /* cmserr.h */ = {isa = PBXFileReference; fileEncoding = 4; lastKnownFileType = sourcecode.c.h; path = cmserr.h; sourceTree = "<group>"; };
		2F03C811225046100029B190 /* ui.h */ = {isa = PBXFileReference; fileEncoding = 4; lastKnownFileType = sourcecode.c.h; path = ui.h; sourceTree = "<group>"; };
		2F03C812225046100029B190 /* opensslconf.h.orig */ = {isa = PBXFileReference; fileEncoding = 4; lastKnownFileType = text; path = opensslconf.h.orig; sourceTree = "<group>"; };
		2F03C813225046100029B190 /* sha.h */ = {isa = PBXFileReference; fileEncoding = 4; lastKnownFileType = sourcecode.c.h; path = sha.h; sourceTree = "<group>"; };
		2F03C814225046100029B190 /* symhacks.h */ = {isa = PBXFileReference; fileEncoding = 4; lastKnownFileType = sourcecode.c.h; path = symhacks.h; sourceTree = "<group>"; };
		2F03C815225046100029B190 /* asn1.h */ = {isa = PBXFileReference; fileEncoding = 4; lastKnownFileType = sourcecode.c.h; path = asn1.h; sourceTree = "<group>"; };
		2F03C816225046100029B190 /* bioerr.h */ = {isa = PBXFileReference; fileEncoding = 4; lastKnownFileType = sourcecode.c.h; path = bioerr.h; sourceTree = "<group>"; };
		2F03C817225046100029B190 /* opensslconf.h */ = {isa = PBXFileReference; fileEncoding = 4; lastKnownFileType = sourcecode.c.h; path = opensslconf.h; sourceTree = "<group>"; };
		2F03C818225046100029B190 /* bio.h */ = {isa = PBXFileReference; fileEncoding = 4; lastKnownFileType = sourcecode.c.h; path = bio.h; sourceTree = "<group>"; };
		2F03C819225046100029B190 /* rc2.h */ = {isa = PBXFileReference; fileEncoding = 4; lastKnownFileType = sourcecode.c.h; path = rc2.h; sourceTree = "<group>"; };
		2F03C81A225046100029B190 /* dh.h */ = {isa = PBXFileReference; fileEncoding = 4; lastKnownFileType = sourcecode.c.h; path = dh.h; sourceTree = "<group>"; };
		2F03C81B225046100029B190 /* x509v3.h */ = {isa = PBXFileReference; fileEncoding = 4; lastKnownFileType = sourcecode.c.h; path = x509v3.h; sourceTree = "<group>"; };
		2F03C81C225046100029B190 /* conf.h */ = {isa = PBXFileReference; fileEncoding = 4; lastKnownFileType = sourcecode.c.h; path = conf.h; sourceTree = "<group>"; };
		2F03C81D225046100029B190 /* rand_drbg.h */ = {isa = PBXFileReference; fileEncoding = 4; lastKnownFileType = sourcecode.c.h; path = rand_drbg.h; sourceTree = "<group>"; };
		2F03C81E225046100029B190 /* md5.h */ = {isa = PBXFileReference; fileEncoding = 4; lastKnownFileType = sourcecode.c.h; path = md5.h; sourceTree = "<group>"; };
		2F03C81F225046100029B190 /* pemerr.h */ = {isa = PBXFileReference; fileEncoding = 4; lastKnownFileType = sourcecode.c.h; path = pemerr.h; sourceTree = "<group>"; };
		2F03C820225046100029B190 /* asn1_locl.h */ = {isa = PBXFileReference; fileEncoding = 4; lastKnownFileType = sourcecode.c.h; path = asn1_locl.h; sourceTree = "<group>"; };
		2F03C821225046100029B190 /* x509_vfy.h */ = {isa = PBXFileReference; fileEncoding = 4; lastKnownFileType = sourcecode.c.h; path = x509_vfy.h; sourceTree = "<group>"; };
		2F03C822225046100029B190 /* txt_db.h */ = {isa = PBXFileReference; fileEncoding = 4; lastKnownFileType = sourcecode.c.h; path = txt_db.h; sourceTree = "<group>"; };
		2F03C823225046100029B190 /* comperr.h */ = {isa = PBXFileReference; fileEncoding = 4; lastKnownFileType = sourcecode.c.h; path = comperr.h; sourceTree = "<group>"; };
		2F03C824225046100029B190 /* cterr.h */ = {isa = PBXFileReference; fileEncoding = 4; lastKnownFileType = sourcecode.c.h; path = cterr.h; sourceTree = "<group>"; };
		2F03C825225046100029B190 /* safestack.h */ = {isa = PBXFileReference; fileEncoding = 4; lastKnownFileType = sourcecode.c.h; path = safestack.h; sourceTree = "<group>"; };
		2F03C826225046100029B190 /* ecdsa.h */ = {isa = PBXFileReference; fileEncoding = 4; lastKnownFileType = sourcecode.c.h; path = ecdsa.h; sourceTree = "<group>"; };
		2F03C827225046100029B190 /* sslerr.h */ = {isa = PBXFileReference; fileEncoding = 4; lastKnownFileType = sourcecode.c.h; path = sslerr.h; sourceTree = "<group>"; };
		2F03C828225046100029B190 /* rc5.h */ = {isa = PBXFileReference; fileEncoding = 4; lastKnownFileType = sourcecode.c.h; path = rc5.h; sourceTree = "<group>"; };
		2F03C829225046100029B190 /* uierr.h */ = {isa = PBXFileReference; fileEncoding = 4; lastKnownFileType = sourcecode.c.h; path = uierr.h; sourceTree = "<group>"; };
		2F03C82A225046100029B190 /* x509v3err.h */ = {isa = PBXFileReference; fileEncoding = 4; lastKnownFileType = sourcecode.c.h; path = x509v3err.h; sourceTree = "<group>"; };
		2F03C82B225046100029B190 /* objects.h */ = {isa = PBXFileReference; fileEncoding = 4; lastKnownFileType = sourcecode.c.h; path = objects.h; sourceTree = "<group>"; };
		2F03C82C225046100029B190 /* pkcs12.h */ = {isa = PBXFileReference; fileEncoding = 4; lastKnownFileType = sourcecode.c.h; path = pkcs12.h; sourceTree = "<group>"; };
		2F03C82D225046100029B190 /* crypto.h */ = {isa = PBXFileReference; fileEncoding = 4; lastKnownFileType = sourcecode.c.h; path = crypto.h; sourceTree = "<group>"; };
		2F03C82E225046100029B190 /* opensslv.h */ = {isa = PBXFileReference; fileEncoding = 4; lastKnownFileType = sourcecode.c.h; path = opensslv.h; sourceTree = "<group>"; };
		2F03C82F225046100029B190 /* evperr.h */ = {isa = PBXFileReference; fileEncoding = 4; lastKnownFileType = sourcecode.c.h; path = evperr.h; sourceTree = "<group>"; };
		2F03C830225046100029B190 /* pkcs7.h */ = {isa = PBXFileReference; fileEncoding = 4; lastKnownFileType = sourcecode.c.h; path = pkcs7.h; sourceTree = "<group>"; };
		2F03C831225046100029B190 /* obj_mac.h */ = {isa = PBXFileReference; fileEncoding = 4; lastKnownFileType = sourcecode.c.h; path = obj_mac.h; sourceTree = "<group>"; };
		2F03C832225046100029B190 /* ct.h */ = {isa = PBXFileReference; fileEncoding = 4; lastKnownFileType = sourcecode.c.h; path = ct.h; sourceTree = "<group>"; };
		2F03C833225046100029B190 /* async.h */ = {isa = PBXFileReference; fileEncoding = 4; lastKnownFileType = sourcecode.c.h; path = async.h; sourceTree = "<group>"; };
		2F03C834225046100029B190 /* buffer.h */ = {isa = PBXFileReference; fileEncoding = 4; lastKnownFileType = sourcecode.c.h; path = buffer.h; sourceTree = "<group>"; };
		2F03C835225046100029B190 /* ssl.h */ = {isa = PBXFileReference; fileEncoding = 4; lastKnownFileType = sourcecode.c.h; path = ssl.h; sourceTree = "<group>"; };
		2F03C836225046100029B190 /* srp.h */ = {isa = PBXFileReference; fileEncoding = 4; lastKnownFileType = sourcecode.c.h; path = srp.h; sourceTree = "<group>"; };
		2F03C837225046100029B190 /* camellia.h */ = {isa = PBXFileReference; fileEncoding = 4; lastKnownFileType = sourcecode.c.h; path = camellia.h; sourceTree = "<group>"; };
		2F03C838225046100029B190 /* dherr.h */ = {isa = PBXFileReference; fileEncoding = 4; lastKnownFileType = sourcecode.c.h; path = dherr.h; sourceTree = "<group>"; };
		2F03C839225046100029B190 /* evp.h */ = {isa = PBXFileReference; fileEncoding = 4; lastKnownFileType = sourcecode.c.h; path = evp.h; sourceTree = "<group>"; };
		2F03C83A225046100029B190 /* e_os2.h */ = {isa = PBXFileReference; fileEncoding = 4; lastKnownFileType = sourcecode.c.h; path = e_os2.h; sourceTree = "<group>"; };
		2F03C83B225046100029B190 /* md4.h */ = {isa = PBXFileReference; fileEncoding = 4; lastKnownFileType = sourcecode.c.h; path = md4.h; sourceTree = "<group>"; };
		2F03C83C225046100029B190 /* hmac.h */ = {isa = PBXFileReference; fileEncoding = 4; lastKnownFileType = sourcecode.c.h; path = hmac.h; sourceTree = "<group>"; };
		2F03C83D225046100029B190 /* aes.h */ = {isa = PBXFileReference; fileEncoding = 4; lastKnownFileType = sourcecode.c.h; path = aes.h; sourceTree = "<group>"; };
		2F03C83E225046100029B190 /* engineerr.h */ = {isa = PBXFileReference; fileEncoding = 4; lastKnownFileType = sourcecode.c.h; path = engineerr.h; sourceTree = "<group>"; };
		2F03C83F225046100029B190 /* comp.h */ = {isa = PBXFileReference; fileEncoding = 4; lastKnownFileType = sourcecode.c.h; path = comp.h; sourceTree = "<group>"; };
		2F03C840225046100029B190 /* pkcs12err.h */ = {isa = PBXFileReference; fileEncoding = 4; lastKnownFileType = sourcecode.c.h; path = pkcs12err.h; sourceTree = "<group>"; };
		2F03C841225046100029B190 /* cast.h */ = {isa = PBXFileReference; fileEncoding = 4; lastKnownFileType = sourcecode.c.h; path = cast.h; sourceTree = "<group>"; };
		2F03C842225046100029B190 /* rc4.h */ = {isa = PBXFileReference; fileEncoding = 4; lastKnownFileType = sourcecode.c.h; path = rc4.h; sourceTree = "<group>"; };
		2F03C843225046100029B190 /* stack.h */ = {isa = PBXFileReference; fileEncoding = 4; lastKnownFileType = sourcecode.c.h; path = stack.h; sourceTree = "<group>"; };
		2F03C844225046100029B190 /* des.h */ = {isa = PBXFileReference; fileEncoding = 4; lastKnownFileType = sourcecode.c.h; path = des.h; sourceTree = "<group>"; };
		2F03C845225046100029B190 /* ocsp.h */ = {isa = PBXFileReference; fileEncoding = 4; lastKnownFileType = sourcecode.c.h; path = ocsp.h; sourceTree = "<group>"; };
		2F03C846225046100029B190 /* ec.h */ = {isa = PBXFileReference; fileEncoding = 4; lastKnownFileType = sourcecode.c.h; path = ec.h; sourceTree = "<group>"; };
		2F03C847225046100029B190 /* ecdh.h */ = {isa = PBXFileReference; fileEncoding = 4; lastKnownFileType = sourcecode.c.h; path = ecdh.h; sourceTree = "<group>"; };
		2F03C848225046100029B190 /* rand.h */ = {isa = PBXFileReference; fileEncoding = 4; lastKnownFileType = sourcecode.c.h; path = rand.h; sourceTree = "<group>"; };
		2F03C849225046100029B190 /* ecerr.h */ = {isa = PBXFileReference; fileEncoding = 4; lastKnownFileType = sourcecode.c.h; path = ecerr.h; sourceTree = "<group>"; };
		2F03C84A225046100029B190 /* ts.h */ = {isa = PBXFileReference; fileEncoding = 4; lastKnownFileType = sourcecode.c.h; path = ts.h; sourceTree = "<group>"; };
		2F03C84B225046100029B190 /* cryptoerr.h */ = {isa = PBXFileReference; fileEncoding = 4; lastKnownFileType = sourcecode.c.h; path = cryptoerr.h; sourceTree = "<group>"; };
		2F03C84C225046100029B190 /* storeerr.h */ = {isa = PBXFileReference; fileEncoding = 4; lastKnownFileType = sourcecode.c.h; path = storeerr.h; sourceTree = "<group>"; };
		2F03C84D225046100029B190 /* buffererr.h */ = {isa = PBXFileReference; fileEncoding = 4; lastKnownFileType = sourcecode.c.h; path = buffererr.h; sourceTree = "<group>"; };
		2F03C84E225046100029B190 /* seed.h */ = {isa = PBXFileReference; fileEncoding = 4; lastKnownFileType = sourcecode.c.h; path = seed.h; sourceTree = "<group>"; };
		2F03C84F225046100029B190 /* modes.h */ = {isa = PBXFileReference; fileEncoding = 4; lastKnownFileType = sourcecode.c.h; path = modes.h; sourceTree = "<group>"; };
		2F03C850225046100029B190 /* ssl2.h */ = {isa = PBXFileReference; fileEncoding = 4; lastKnownFileType = sourcecode.c.h; path = ssl2.h; sourceTree = "<group>"; };
		2F03C851225046100029B190 /* tserr.h */ = {isa = PBXFileReference; fileEncoding = 4; lastKnownFileType = sourcecode.c.h; path = tserr.h; sourceTree = "<group>"; };
		2F03C852225046100029B190 /* rsa.h */ = {isa = PBXFileReference; fileEncoding = 4; lastKnownFileType = sourcecode.c.h; path = rsa.h; sourceTree = "<group>"; };
		2F03C853225046100029B190 /* ripemd.h */ = {isa = PBXFileReference; fileEncoding = 4; lastKnownFileType = sourcecode.c.h; path = ripemd.h; sourceTree = "<group>"; };
		2F03C854225046100029B190 /* whrlpool.h */ = {isa = PBXFileReference; fileEncoding = 4; lastKnownFileType = sourcecode.c.h; path = whrlpool.h; sourceTree = "<group>"; };
		2F03C855225046100029B190 /* tls1.h */ = {isa = PBXFileReference; fileEncoding = 4; lastKnownFileType = sourcecode.c.h; path = tls1.h; sourceTree = "<group>"; };
		2F03C856225046100029B190 /* rsaerr.h */ = {isa = PBXFileReference; fileEncoding = 4; lastKnownFileType = sourcecode.c.h; path = rsaerr.h; sourceTree = "<group>"; };
		2F03C857225046100029B190 /* randerr.h */ = {isa = PBXFileReference; fileEncoding = 4; lastKnownFileType = sourcecode.c.h; path = randerr.h; sourceTree = "<group>"; };
		2F03C858225046100029B190 /* mdc2.h */ = {isa = PBXFileReference; fileEncoding = 4; lastKnownFileType = sourcecode.c.h; path = mdc2.h; sourceTree = "<group>"; };
		2F03C859225046100029B190 /* ocsperr.h */ = {isa = PBXFileReference; fileEncoding = 4; lastKnownFileType = sourcecode.c.h; path = ocsperr.h; sourceTree = "<group>"; };
		2F03C85A225046100029B190 /* x509err.h */ = {isa = PBXFileReference; fileEncoding = 4; lastKnownFileType = sourcecode.c.h; path = x509err.h; sourceTree = "<group>"; };
		2F03C85B225046100029B190 /* pkcs7err.h */ = {isa = PBXFileReference; fileEncoding = 4; lastKnownFileType = sourcecode.c.h; path = pkcs7err.h; sourceTree = "<group>"; };
		2F03C85C225046100029B190 /* dsa.h */ = {isa = PBXFileReference; fileEncoding = 4; lastKnownFileType = sourcecode.c.h; path = dsa.h; sourceTree = "<group>"; };
		2F03C85D225046100029B190 /* kdferr.h */ = {isa = PBXFileReference; fileEncoding = 4; lastKnownFileType = sourcecode.c.h; path = kdferr.h; sourceTree = "<group>"; };
		2F03C85E225046100029B190 /* srtp.h */ = {isa = PBXFileReference; fileEncoding = 4; lastKnownFileType = sourcecode.c.h; path = srtp.h; sourceTree = "<group>"; };
		2F03C85F225046100029B190 /* asn1t.h */ = {isa = PBXFileReference; fileEncoding = 4; lastKnownFileType = sourcecode.c.h; path = asn1t.h; sourceTree = "<group>"; };
		2F03C860225046100029B190 /* dsaerr.h */ = {isa = PBXFileReference; fileEncoding = 4; lastKnownFileType = sourcecode.c.h; path = dsaerr.h; sourceTree = "<group>"; };
		2F03C861225046100029B190 /* bnerr.h */ = {isa = PBXFileReference; fileEncoding = 4; lastKnownFileType = sourcecode.c.h; path = bnerr.h; sourceTree = "<group>"; };
		2F03C862225046100029B190 /* conferr.h */ = {isa = PBXFileReference; fileEncoding = 4; lastKnownFileType = sourcecode.c.h; path = conferr.h; sourceTree = "<group>"; };
		2F03C863225046100029B190 /* cmac.h */ = {isa = PBXFileReference; fileEncoding = 4; lastKnownFileType = sourcecode.c.h; path = cmac.h; sourceTree = "<group>"; };
		2F03C864225046100029B190 /* ebcdic.h */ = {isa = PBXFileReference; fileEncoding = 4; lastKnownFileType = sourcecode.c.h; path = ebcdic.h; sourceTree = "<group>"; };
		2F03C865225046100029B190 /* store.h */ = {isa = PBXFileReference; fileEncoding = 4; lastKnownFileType = sourcecode.c.h; path = store.h; sourceTree = "<group>"; };
		2F03C866225046100029B190 /* idea.h */ = {isa = PBXFileReference; fileEncoding = 4; lastKnownFileType = sourcecode.c.h; path = idea.h; sourceTree = "<group>"; };
		2F03C867225046100029B190 /* lhash.h */ = {isa = PBXFileReference; fileEncoding = 4; lastKnownFileType = sourcecode.c.h; path = lhash.h; sourceTree = "<group>"; };
		2F03C868225046100029B190 /* asn1err.h */ = {isa = PBXFileReference; fileEncoding = 4; lastKnownFileType = sourcecode.c.h; path = asn1err.h; sourceTree = "<group>"; };
		2F03C86A225046100029B190 /* libcrypto.a */ = {isa = PBXFileReference; lastKnownFileType = archive.ar; path = libcrypto.a; sourceTree = "<group>"; };
		2F03C86B225046100029B190 /* libssl.a */ = {isa = PBXFileReference; lastKnownFileType = archive.ar; path = libssl.a; sourceTree = "<group>"; };
		2F03C8702250485F0029B190 /* Netrek-Bridging-Header.h */ = {isa = PBXFileReference; lastKnownFileType = sourcecode.c.h; path = "Netrek-Bridging-Header.h"; sourceTree = "<group>"; };
		2F03C87222504B250029B190 /* pkcs7_union_accessors.c */ = {isa = PBXFileReference; fileEncoding = 4; lastKnownFileType = sourcecode.c.c; path = pkcs7_union_accessors.c; sourceTree = "<group>"; };
		2F03C87322504B250029B190 /* SwiftyLocalReceiptValidator.swift */ = {isa = PBXFileReference; fileEncoding = 4; lastKnownFileType = sourcecode.swift; path = SwiftyLocalReceiptValidator.swift; sourceTree = "<group>"; };
		2F03C87422504B250029B190 /* pkcs7_union_accessors.h */ = {isa = PBXFileReference; fileEncoding = 4; lastKnownFileType = sourcecode.c.h; path = pkcs7_union_accessors.h; sourceTree = "<group>"; };
		2F03C8782251BFA70029B190 /* StoreKit.framework */ = {isa = PBXFileReference; lastKnownFileType = wrapper.framework; name = StoreKit.framework; path = System/Library/Frameworks/StoreKit.framework; sourceTree = SDKROOT; };
		2F03C9642252ED510029B190 /* Netrek.help */ = {isa = PBXFileReference; lastKnownFileType = folder; path = Netrek.help; sourceTree = "<group>"; };
		2F75015522299E55002040A7 /* Netrek.app */ = {isa = PBXFileReference; explicitFileType = wrapper.application; includeInIndex = 0; path = Netrek.app; sourceTree = BUILT_PRODUCTS_DIR; };
		2F75015822299E55002040A7 /* AppDelegate.swift */ = {isa = PBXFileReference; lastKnownFileType = sourcecode.swift; path = AppDelegate.swift; sourceTree = "<group>"; };
		2F75015A22299E55002040A7 /* OverallViewController.swift */ = {isa = PBXFileReference; lastKnownFileType = sourcecode.swift; path = OverallViewController.swift; sourceTree = "<group>"; };
		2F75015C22299E55002040A7 /* Assets.xcassets */ = {isa = PBXFileReference; lastKnownFileType = folder.assetcatalog; path = Assets.xcassets; sourceTree = "<group>"; };
		2F75015F22299E55002040A7 /* Base */ = {isa = PBXFileReference; lastKnownFileType = file.storyboard; name = Base; path = Base.lproj/Main.storyboard; sourceTree = "<group>"; };
		2F75016122299E55002040A7 /* Info.plist */ = {isa = PBXFileReference; lastKnownFileType = text.plist.xml; path = Info.plist; sourceTree = "<group>"; };
		2F75016222299E55002040A7 /* Netrek.entitlements */ = {isa = PBXFileReference; lastKnownFileType = text.plist.entitlements; path = Netrek.entitlements; sourceTree = "<group>"; };
		2F75016B2229FA22002040A7 /* MetaServerEntry.swift */ = {isa = PBXFileReference; lastKnownFileType = sourcecode.swift; path = MetaServerEntry.swift; sourceTree = "<group>"; };
		2F75016D2229FFE8002040A7 /* MetaServer.swift */ = {isa = PBXFileReference; lastKnownFileType = sourcecode.swift; path = MetaServer.swift; sourceTree = "<group>"; };
		2F750170222A21BE002040A7 /* Collection-extensions.swift */ = {isa = PBXFileReference; lastKnownFileType = sourcecode.swift; path = "Collection-extensions.swift"; sourceTree = "<group>"; };
		2F750178222A4461002040A7 /* TcpReader.swift */ = {isa = PBXFileReference; lastKnownFileType = sourcecode.swift; path = TcpReader.swift; sourceTree = "<group>"; };
		2F75017A222A4956002040A7 /* Globals.swift */ = {isa = PBXFileReference; lastKnownFileType = sourcecode.swift; path = Globals.swift; sourceTree = "<group>"; };
		2F75017D222A57EC002040A7 /* NetworkDelegate.swift */ = {isa = PBXFileReference; lastKnownFileType = sourcecode.swift; path = NetworkDelegate.swift; sourceTree = "<group>"; };
		2F75017F222AEC8B002040A7 /* MakePacket.swift */ = {isa = PBXFileReference; lastKnownFileType = sourcecode.swift; path = MakePacket.swift; sourceTree = "<group>"; };
		2F750182222AF698002040A7 /* enumerations.swift */ = {isa = PBXFileReference; lastKnownFileType = sourcecode.swift; path = enumerations.swift; sourceTree = "<group>"; };
		2F750184222B2476002040A7 /* PacketAnalyzer.swift */ = {isa = PBXFileReference; lastKnownFileType = sourcecode.swift; path = PacketAnalyzer.swift; sourceTree = "<group>"; };
		2F750188222B4532002040A7 /* MessageViewController.swift */ = {isa = PBXFileReference; lastKnownFileType = sourcecode.swift; path = MessageViewController.swift; sourceTree = "<group>"; };
		2F750193222B6019002040A7 /* Universe.swift */ = {isa = PBXFileReference; lastKnownFileType = sourcecode.swift; path = Universe.swift; sourceTree = "<group>"; };
		2F750195222B6048002040A7 /* Player.swift */ = {isa = PBXFileReference; lastKnownFileType = sourcecode.swift; path = Player.swift; sourceTree = "<group>"; };
		2F750197222B66AF002040A7 /* Data-extensions.swift */ = {isa = PBXFileReference; lastKnownFileType = sourcecode.swift; path = "Data-extensions.swift"; sourceTree = "<group>"; };
		2F750199222C33D6002040A7 /* Planet.swift */ = {isa = PBXFileReference; lastKnownFileType = sourcecode.swift; path = Planet.swift; sourceTree = "<group>"; };
		2F75019F222C8E59002040A7 /* Tuple16.swift */ = {isa = PBXFileReference; lastKnownFileType = sourcecode.swift; path = Tuple16.swift; sourceTree = "<group>"; };
		2F7501A1222C930B002040A7 /* packets-extensions.swift */ = {isa = PBXFileReference; lastKnownFileType = sourcecode.swift; path = "packets-extensions.swift"; sourceTree = "<group>"; };
		2F7501A3222CA33C002040A7 /* packets.swift */ = {isa = PBXFileReference; lastKnownFileType = sourcecode.swift; path = packets.swift; sourceTree = "<group>"; };
		2F7501A7222F251B002040A7 /* Torpedo.swift */ = {isa = PBXFileReference; lastKnownFileType = sourcecode.swift; path = Torpedo.swift; sourceTree = "<group>"; };
		2F7501A9222F2CBE002040A7 /* Laser.swift */ = {isa = PBXFileReference; lastKnownFileType = sourcecode.swift; path = Laser.swift; sourceTree = "<group>"; };
		2F7501AB222F42E0002040A7 /* Plasma.swift */ = {isa = PBXFileReference; lastKnownFileType = sourcecode.swift; path = Plasma.swift; sourceTree = "<group>"; };
		2F7501B0222F5AD9002040A7 /* TacticalViewController.swift */ = {isa = PBXFileReference; lastKnownFileType = sourcecode.swift; path = TacticalViewController.swift; sourceTree = "<group>"; };
		2F7501B2222F5B8F002040A7 /* StrategicViewController.swift */ = {isa = PBXFileReference; lastKnownFileType = sourcecode.swift; path = StrategicViewController.swift; sourceTree = "<group>"; };
		2F7501B4222F5BD7002040A7 /* TacticalView.swift */ = {isa = PBXFileReference; lastKnownFileType = sourcecode.swift; path = TacticalView.swift; sourceTree = "<group>"; };
		2F94A82E2230DA3B00FAAF39 /* TacticalScene.swift */ = {isa = PBXFileReference; lastKnownFileType = sourcecode.swift; path = TacticalScene.swift; sourceTree = "<group>"; };
		2F94A8302231AEA800FAAF39 /* NetrekMath.swift */ = {isa = PBXFileReference; lastKnownFileType = sourcecode.swift; path = NetrekMath.swift; sourceTree = "<group>"; };
		2F94A83222324C2600FAAF39 /* SKView-extensions.swift */ = {isa = PBXFileReference; lastKnownFileType = sourcecode.swift; path = "SKView-extensions.swift"; sourceTree = "<group>"; };
		2F94A8342233009600FAAF39 /* KeymapController.swift */ = {isa = PBXFileReference; lastKnownFileType = sourcecode.swift; path = KeymapController.swift; sourceTree = "<group>"; };
		2FA665EE2238A67800F0CA76 /* ShieldFactory.swift */ = {isa = PBXFileReference; lastKnownFileType = sourcecode.swift; path = ShieldFactory.swift; sourceTree = "<group>"; };
		2FA665F42239770200F0CA76 /* Credits.rtf */ = {isa = PBXFileReference; lastKnownFileType = text.rtf; path = Credits.rtf; sourceTree = "<group>"; };
		2FA665F622397B1B00F0CA76 /* SoundController.swift */ = {isa = PBXFileReference; lastKnownFileType = sourcecode.swift; path = SoundController.swift; sourceTree = "<group>"; };
		2FA665F922397E1300F0CA76 /* 399303__deleted-user-5405837__explosion-012.mp3 */ = {isa = PBXFileReference; lastKnownFileType = audio.mp3; path = "399303__deleted-user-5405837__explosion-012.mp3"; sourceTree = "<group>"; };
		2FA665FB2239862000F0CA76 /* 175269__jonccox__gun-zap2.wav */ = {isa = PBXFileReference; lastKnownFileType = audio.wav; path = "175269__jonccox__gun-zap2.wav"; sourceTree = "<group>"; };
		2FA665FC2239862000F0CA76 /* 175270__jonccox__gun-zap.wav */ = {isa = PBXFileReference; lastKnownFileType = audio.wav; path = "175270__jonccox__gun-zap.wav"; sourceTree = "<group>"; };
		2FA665FD2239862000F0CA76 /* 175267__jonccox__gun-plasma.wav */ = {isa = PBXFileReference; lastKnownFileType = audio.wav; path = "175267__jonccox__gun-plasma.wav"; sourceTree = "<group>"; };
		2FA665FE2239862100F0CA76 /* 175265__jonccox__gun-thumper.wav */ = {isa = PBXFileReference; lastKnownFileType = audio.wav; path = "175265__jonccox__gun-thumper.wav"; sourceTree = "<group>"; };
		2FA665FF2239862100F0CA76 /* 175266__jonccox__gun-spark.wav */ = {isa = PBXFileReference; lastKnownFileType = audio.wav; path = "175266__jonccox__gun-spark.wav"; sourceTree = "<group>"; };
		2FA666002239862100F0CA76 /* 175262__jonccox__gun-cannon.wav */ = {isa = PBXFileReference; lastKnownFileType = audio.wav; path = "175262__jonccox__gun-cannon.wav"; sourceTree = "<group>"; };
		2FA666072239987400F0CA76 /* 71852__ludvique__digital-whoosh-soft.wav */ = {isa = PBXFileReference; lastKnownFileType = audio.wav; path = "71852__ludvique__digital-whoosh-soft.wav"; sourceTree = "<group>"; };
		2FA666092239A4F500F0CA76 /* ControlPreferencesController.swift */ = {isa = PBXFileReference; lastKnownFileType = sourcecode.swift; path = ControlPreferencesController.swift; sourceTree = "<group>"; };
		2FA6660B2239A5CA00F0CA76 /* FlipScrollView.swift */ = {isa = PBXFileReference; lastKnownFileType = sourcecode.swift; name = FlipScrollView.swift; path = Netrek/Views/FlipScrollView.swift; sourceTree = SOURCE_ROOT; };
		2FA6660D2239A8C300F0CA76 /* Label.swift */ = {isa = PBXFileReference; lastKnownFileType = sourcecode.swift; path = Label.swift; sourceTree = "<group>"; };
		2FA6660F2239ABFD00F0CA76 /* FlipView.swift */ = {isa = PBXFileReference; lastKnownFileType = sourcecode.swift; path = FlipView.swift; sourceTree = "<group>"; };
		2FD339CD223C2A43009AA1E8 /* KeychainService.swift */ = {isa = PBXFileReference; lastKnownFileType = sourcecode.swift; name = KeychainService.swift; path = Netrek/Extensions/KeychainService.swift; sourceTree = SOURCE_ROOT; };
		2FD339D3223C8EA3009AA1E8 /* ManualServerController.swift */ = {isa = PBXFileReference; lastKnownFileType = sourcecode.swift; path = ManualServerController.swift; sourceTree = "<group>"; };
		2FD339D4223C8EA3009AA1E8 /* ManualServerController.xib */ = {isa = PBXFileReference; lastKnownFileType = file.xib; path = ManualServerController.xib; sourceTree = "<group>"; };
		2FD339F92242E50C009AA1E8 /* OverallWindowController.swift */ = {isa = PBXFileReference; lastKnownFileType = sourcecode.swift; name = OverallWindowController.swift; path = Netrek/Controllers/OverallWindowController.swift; sourceTree = SOURCE_ROOT; };
		2FD8567322335770005165C1 /* PlayerListViewController.swift */ = {isa = PBXFileReference; lastKnownFileType = sourcecode.swift; path = PlayerListViewController.swift; sourceTree = "<group>"; };
		2FD8569322337CFC005165C1 /* PlayerView.swift */ = {isa = PBXFileReference; lastKnownFileType = sourcecode.swift; path = PlayerView.swift; sourceTree = "<group>"; };
		2FD856952234222D005165C1 /* StrategicView.swift */ = {isa = PBXFileReference; lastKnownFileType = sourcecode.swift; path = StrategicView.swift; sourceTree = "<group>"; };
		2FD8569722346743005165C1 /* HUDViewController.swift */ = {isa = PBXFileReference; lastKnownFileType = sourcecode.swift; path = HUDViewController.swift; sourceTree = "<group>"; };
		2FD8569922346760005165C1 /* HUDView.swift */ = {isa = PBXFileReference; lastKnownFileType = sourcecode.swift; path = HUDView.swift; sourceTree = "<group>"; };
		2FD8569B22347566005165C1 /* ShipInfo.swift */ = {isa = PBXFileReference; lastKnownFileType = sourcecode.swift; path = ShipInfo.swift; sourceTree = "<group>"; };
		2FD8569D2234C660005165C1 /* SendMessageViewController.swift */ = {isa = PBXFileReference; lastKnownFileType = sourcecode.swift; path = SendMessageViewController.swift; sourceTree = "<group>"; };
		2FDCD3DE2239C9C300C0AE67 /* OtherPreferencesController.swift */ = {isa = PBXFileReference; lastKnownFileType = sourcecode.swift; name = OtherPreferencesController.swift; path = Netrek/Controllers/OtherPreferencesController.swift; sourceTree = SOURCE_ROOT; };
		2FDCD3E4223B27FF00C0AE67 /* LoginInformationController.swift */ = {isa = PBXFileReference; lastKnownFileType = sourcecode.swift; path = LoginInformationController.swift; sourceTree = "<group>"; };
		2FDCD3E6223B354200C0AE67 /* UserDefaults-extensions.swift */ = {isa = PBXFileReference; lastKnownFileType = sourcecode.swift; path = "UserDefaults-extensions.swift"; sourceTree = "<group>"; };
/* End PBXFileReference section */

/* Begin PBXFrameworksBuildPhase section */
		2F75015222299E55002040A7 /* Frameworks */ = {
			isa = PBXFrameworksBuildPhase;
			buildActionMask = 2147483647;
			files = (
				2F03C8792251BFA70029B190 /* StoreKit.framework in Frameworks */,
				2F03C86F225046110029B190 /* libssl.a in Frameworks */,
				2F03C86E225046110029B190 /* libcrypto.a in Frameworks */,
			);
			runOnlyForDeploymentPostprocessing = 0;
		};
/* End PBXFrameworksBuildPhase section */

/* Begin PBXGroup section */
		2F03C7FB225046100029B190 /* OpenSSL */ = {
			isa = PBXGroup;
			children = (
				2F03C7FC225046100029B190 /* version-1.1.1a */,
				2F03C7FD225046100029B190 /* include */,
				2F03C869225046100029B190 /* lib */,
			);
			path = OpenSSL;
			sourceTree = "<group>";
		};
		2F03C7FD225046100029B190 /* include */ = {
			isa = PBXGroup;
			children = (
				2F03C7FE225046100029B190 /* openssl */,
			);
			path = include;
			sourceTree = "<group>";
		};
		2F03C7FE225046100029B190 /* openssl */ = {
			isa = PBXGroup;
			children = (
				2F03C7FF225046100029B190 /* pem2.h */,
				2F03C800225046100029B190 /* kdf.h */,
				2F03C801225046100029B190 /* pem.h */,
				2F03C802225046100029B190 /* asyncerr.h */,
				2F03C803225046100029B190 /* md2.h */,
				2F03C804225046100029B190 /* ssl3.h */,
				2F03C805225046100029B190 /* ossl_typ.h */,
				2F03C806225046100029B190 /* dtls1.h */,
				2F03C807225046100029B190 /* err.h */,
				2F03C808225046100029B190 /* bn.h */,
				2F03C809225046100029B190 /* blowfish.h */,
				2F03C80A225046100029B190 /* cms.h */,
				2F03C80B225046100029B190 /* engine.h */,
				2F03C80C225046100029B190 /* conf_api.h */,
				2F03C80D225046100029B190 /* x509.h */,
				2F03C80E225046100029B190 /* asn1_mac.h */,
				2F03C80F225046100029B190 /* objectserr.h */,
				2F03C810225046100029B190 /* cmserr.h */,
				2F03C811225046100029B190 /* ui.h */,
				2F03C812225046100029B190 /* opensslconf.h.orig */,
				2F03C813225046100029B190 /* sha.h */,
				2F03C814225046100029B190 /* symhacks.h */,
				2F03C815225046100029B190 /* asn1.h */,
				2F03C816225046100029B190 /* bioerr.h */,
				2F03C817225046100029B190 /* opensslconf.h */,
				2F03C818225046100029B190 /* bio.h */,
				2F03C819225046100029B190 /* rc2.h */,
				2F03C81A225046100029B190 /* dh.h */,
				2F03C81B225046100029B190 /* x509v3.h */,
				2F03C81C225046100029B190 /* conf.h */,
				2F03C81D225046100029B190 /* rand_drbg.h */,
				2F03C81E225046100029B190 /* md5.h */,
				2F03C81F225046100029B190 /* pemerr.h */,
				2F03C820225046100029B190 /* asn1_locl.h */,
				2F03C821225046100029B190 /* x509_vfy.h */,
				2F03C822225046100029B190 /* txt_db.h */,
				2F03C823225046100029B190 /* comperr.h */,
				2F03C824225046100029B190 /* cterr.h */,
				2F03C825225046100029B190 /* safestack.h */,
				2F03C826225046100029B190 /* ecdsa.h */,
				2F03C827225046100029B190 /* sslerr.h */,
				2F03C828225046100029B190 /* rc5.h */,
				2F03C829225046100029B190 /* uierr.h */,
				2F03C82A225046100029B190 /* x509v3err.h */,
				2F03C82B225046100029B190 /* objects.h */,
				2F03C82C225046100029B190 /* pkcs12.h */,
				2F03C82D225046100029B190 /* crypto.h */,
				2F03C82E225046100029B190 /* opensslv.h */,
				2F03C82F225046100029B190 /* evperr.h */,
				2F03C830225046100029B190 /* pkcs7.h */,
				2F03C831225046100029B190 /* obj_mac.h */,
				2F03C832225046100029B190 /* ct.h */,
				2F03C833225046100029B190 /* async.h */,
				2F03C834225046100029B190 /* buffer.h */,
				2F03C835225046100029B190 /* ssl.h */,
				2F03C836225046100029B190 /* srp.h */,
				2F03C837225046100029B190 /* camellia.h */,
				2F03C838225046100029B190 /* dherr.h */,
				2F03C839225046100029B190 /* evp.h */,
				2F03C83A225046100029B190 /* e_os2.h */,
				2F03C83B225046100029B190 /* md4.h */,
				2F03C83C225046100029B190 /* hmac.h */,
				2F03C83D225046100029B190 /* aes.h */,
				2F03C83E225046100029B190 /* engineerr.h */,
				2F03C83F225046100029B190 /* comp.h */,
				2F03C840225046100029B190 /* pkcs12err.h */,
				2F03C841225046100029B190 /* cast.h */,
				2F03C842225046100029B190 /* rc4.h */,
				2F03C843225046100029B190 /* stack.h */,
				2F03C844225046100029B190 /* des.h */,
				2F03C845225046100029B190 /* ocsp.h */,
				2F03C846225046100029B190 /* ec.h */,
				2F03C847225046100029B190 /* ecdh.h */,
				2F03C848225046100029B190 /* rand.h */,
				2F03C849225046100029B190 /* ecerr.h */,
				2F03C84A225046100029B190 /* ts.h */,
				2F03C84B225046100029B190 /* cryptoerr.h */,
				2F03C84C225046100029B190 /* storeerr.h */,
				2F03C84D225046100029B190 /* buffererr.h */,
				2F03C84E225046100029B190 /* seed.h */,
				2F03C84F225046100029B190 /* modes.h */,
				2F03C850225046100029B190 /* ssl2.h */,
				2F03C851225046100029B190 /* tserr.h */,
				2F03C852225046100029B190 /* rsa.h */,
				2F03C853225046100029B190 /* ripemd.h */,
				2F03C854225046100029B190 /* whrlpool.h */,
				2F03C855225046100029B190 /* tls1.h */,
				2F03C856225046100029B190 /* rsaerr.h */,
				2F03C857225046100029B190 /* randerr.h */,
				2F03C858225046100029B190 /* mdc2.h */,
				2F03C859225046100029B190 /* ocsperr.h */,
				2F03C85A225046100029B190 /* x509err.h */,
				2F03C85B225046100029B190 /* pkcs7err.h */,
				2F03C85C225046100029B190 /* dsa.h */,
				2F03C85D225046100029B190 /* kdferr.h */,
				2F03C85E225046100029B190 /* srtp.h */,
				2F03C85F225046100029B190 /* asn1t.h */,
				2F03C860225046100029B190 /* dsaerr.h */,
				2F03C861225046100029B190 /* bnerr.h */,
				2F03C862225046100029B190 /* conferr.h */,
				2F03C863225046100029B190 /* cmac.h */,
				2F03C864225046100029B190 /* ebcdic.h */,
				2F03C865225046100029B190 /* store.h */,
				2F03C866225046100029B190 /* idea.h */,
				2F03C867225046100029B190 /* lhash.h */,
				2F03C868225046100029B190 /* asn1err.h */,
			);
			path = openssl;
			sourceTree = "<group>";
		};
		2F03C869225046100029B190 /* lib */ = {
			isa = PBXGroup;
			children = (
				2F03C86A225046100029B190 /* libcrypto.a */,
				2F03C86B225046100029B190 /* libssl.a */,
			);
			path = lib;
			sourceTree = "<group>";
		};
		2F03C87122504B250029B190 /* SwiftyLocalReceiptValidator */ = {
			isa = PBXGroup;
			children = (
				2F03C87222504B250029B190 /* pkcs7_union_accessors.c */,
				2F03C87322504B250029B190 /* SwiftyLocalReceiptValidator.swift */,
				2F03C87422504B250029B190 /* pkcs7_union_accessors.h */,
			);
			path = SwiftyLocalReceiptValidator;
			sourceTree = "<group>";
		};
		2F03C8772251BFA70029B190 /* Frameworks */ = {
			isa = PBXGroup;
			children = (
				2F03C8782251BFA70029B190 /* StoreKit.framework */,
			);
			name = Frameworks;
			sourceTree = "<group>";
		};
		2F75014C22299E55002040A7 = {
			isa = PBXGroup;
			children = (
				2F75015722299E55002040A7 /* Netrek */,
				2F75015622299E55002040A7 /* Products */,
				2F03C8772251BFA70029B190 /* Frameworks */,
			);
			sourceTree = "<group>";
		};
		2F75015622299E55002040A7 /* Products */ = {
			isa = PBXGroup;
			children = (
				2F75015522299E55002040A7 /* Netrek.app */,
			);
			name = Products;
			sourceTree = "<group>";
		};
		2F75015722299E55002040A7 /* Netrek */ = {
			isa = PBXGroup;
			children = (
				2F7501AD222F55BF002040A7 /* Views */,
				2F750192222B6008002040A7 /* Data */,
				2F750181222AF683002040A7 /* Enumerations */,
				2F75017C222A5765002040A7 /* Protocols */,
				2F75016F222A21A6002040A7 /* Extensions */,
				2F75015A22299E55002040A7 /* OverallViewController.swift */,
				2F75015822299E55002040A7 /* AppDelegate.swift */,
				2F750175222A4296002040A7 /* Communication */,
				2FA665F822397B8800F0CA76 /* Sounds */,
				2F750172222A41C8002040A7 /* Controllers */,
				2F03C7FB225046100029B190 /* OpenSSL */,
				2F75016A2229F9F1002040A7 /* DataTypes */,
				2F7501B6222F6B28002040A7 /* Resources */,
				2F03C87122504B250029B190 /* SwiftyLocalReceiptValidator */,
				2F75016122299E55002040A7 /* Info.plist */,
				2F75016222299E55002040A7 /* Netrek.entitlements */,
			);
			path = Netrek;
			sourceTree = "<group>";
		};
		2F75016A2229F9F1002040A7 /* DataTypes */ = {
			isa = PBXGroup;
			children = (
				2F75016B2229FA22002040A7 /* MetaServerEntry.swift */,
				2F75016D2229FFE8002040A7 /* MetaServer.swift */,
				2F75019F222C8E59002040A7 /* Tuple16.swift */,
				2F94A8302231AEA800FAAF39 /* NetrekMath.swift */,
				2F03C7F722500D370029B190 /* Hint.swift */,
			);
			path = DataTypes;
			sourceTree = "<group>";
		};
		2F75016F222A21A6002040A7 /* Extensions */ = {
			isa = PBXGroup;
			children = (
				2FDCD3E6223B354200C0AE67 /* UserDefaults-extensions.swift */,
				2F750170222A21BE002040A7 /* Collection-extensions.swift */,
				2F750197222B66AF002040A7 /* Data-extensions.swift */,
				2F7501A1222C930B002040A7 /* packets-extensions.swift */,
				2F94A83222324C2600FAAF39 /* SKView-extensions.swift */,
			);
			path = Extensions;
			sourceTree = "<group>";
		};
		2F750172222A41C8002040A7 /* Controllers */ = {
			isa = PBXGroup;
			children = (
				2FD339F92242E50C009AA1E8 /* OverallWindowController.swift */,
				2FD339D3223C8EA3009AA1E8 /* ManualServerController.swift */,
				2FD339D4223C8EA3009AA1E8 /* ManualServerController.xib */,
				2FDCD3E4223B27FF00C0AE67 /* LoginInformationController.swift */,
				2FD339CD223C2A43009AA1E8 /* KeychainService.swift */,
				2FA666092239A4F500F0CA76 /* ControlPreferencesController.swift */,
				2FDCD3DE2239C9C300C0AE67 /* OtherPreferencesController.swift */,
				2FD8569722346743005165C1 /* HUDViewController.swift */,
				2F750188222B4532002040A7 /* MessageViewController.swift */,
				2F7501B0222F5AD9002040A7 /* TacticalViewController.swift */,
				2F7501B2222F5B8F002040A7 /* StrategicViewController.swift */,
				2F94A82E2230DA3B00FAAF39 /* TacticalScene.swift */,
				2F94A8342233009600FAAF39 /* KeymapController.swift */,
				2FD8569D2234C660005165C1 /* SendMessageViewController.swift */,
				2FD8567322335770005165C1 /* PlayerListViewController.swift */,
				2FA665F622397B1B00F0CA76 /* SoundController.swift */,
				2F03C7F9225035570029B190 /* TipController.swift */,
			);
			path = Controllers;
			sourceTree = "<group>";
		};
		2F750175222A4296002040A7 /* Communication */ = {
			isa = PBXGroup;
			children = (
				2F7501A3222CA33C002040A7 /* packets.swift */,
				2F750178222A4461002040A7 /* TcpReader.swift */,
				2F75017A222A4956002040A7 /* Globals.swift */,
				2F75017F222AEC8B002040A7 /* MakePacket.swift */,
				2F750184222B2476002040A7 /* PacketAnalyzer.swift */,
			);
			path = Communication;
			sourceTree = "<group>";
		};
		2F75017C222A5765002040A7 /* Protocols */ = {
			isa = PBXGroup;
			children = (
				2F75017D222A57EC002040A7 /* NetworkDelegate.swift */,
			);
			path = Protocols;
			sourceTree = "<group>";
		};
		2F750181222AF683002040A7 /* Enumerations */ = {
			isa = PBXGroup;
			children = (
				2F750182222AF698002040A7 /* enumerations.swift */,
			);
			path = Enumerations;
			sourceTree = "<group>";
		};
		2F750192222B6008002040A7 /* Data */ = {
			isa = PBXGroup;
			children = (
				2FD8569B22347566005165C1 /* ShipInfo.swift */,
				2F750193222B6019002040A7 /* Universe.swift */,
				2F750199222C33D6002040A7 /* Planet.swift */,
				2F750195222B6048002040A7 /* Player.swift */,
				2F7501A7222F251B002040A7 /* Torpedo.swift */,
				2F7501A9222F2CBE002040A7 /* Laser.swift */,
				2F7501AB222F42E0002040A7 /* Plasma.swift */,
			);
			path = Data;
			sourceTree = "<group>";
		};
		2F7501AD222F55BF002040A7 /* Views */ = {
			isa = PBXGroup;
			children = (
				2FD8569922346760005165C1 /* HUDView.swift */,
				2FD856952234222D005165C1 /* StrategicView.swift */,
				2FD8569322337CFC005165C1 /* PlayerView.swift */,
				2F7501B4222F5BD7002040A7 /* TacticalView.swift */,
				2FA665EE2238A67800F0CA76 /* ShieldFactory.swift */,
				2FA6660B2239A5CA00F0CA76 /* FlipScrollView.swift */,
				2FA6660F2239ABFD00F0CA76 /* FlipView.swift */,
				2FA6660D2239A8C300F0CA76 /* Label.swift */,
			);
			path = Views;
			sourceTree = "<group>";
		};
		2F7501B6222F6B28002040A7 /* Resources */ = {
			isa = PBXGroup;
			children = (
				2F03C9642252ED510029B190 /* Netrek.help */,
				2F03C8702250485F0029B190 /* Netrek-Bridging-Header.h */,
				2F75015E22299E55002040A7 /* Main.storyboard */,
				2FA665F42239770200F0CA76 /* Credits.rtf */,
				2F75015C22299E55002040A7 /* Assets.xcassets */,
			);
			path = Resources;
			sourceTree = "<group>";
		};
		2FA665F822397B8800F0CA76 /* Sounds */ = {
			isa = PBXGroup;
			children = (
				2FA666002239862100F0CA76 /* 175262__jonccox__gun-cannon.wav */,
				2FA665FE2239862100F0CA76 /* 175265__jonccox__gun-thumper.wav */,
				2FA665FF2239862100F0CA76 /* 175266__jonccox__gun-spark.wav */,
				2FA665FD2239862000F0CA76 /* 175267__jonccox__gun-plasma.wav */,
				2FA665FB2239862000F0CA76 /* 175269__jonccox__gun-zap2.wav */,
				2FA665FC2239862000F0CA76 /* 175270__jonccox__gun-zap.wav */,
				2FA666072239987400F0CA76 /* 71852__ludvique__digital-whoosh-soft.wav */,
				2FA665F922397E1300F0CA76 /* 399303__deleted-user-5405837__explosion-012.mp3 */,
			);
			path = Sounds;
			sourceTree = "<group>";
		};
/* End PBXGroup section */

/* Begin PBXNativeTarget section */
		2F75015422299E55002040A7 /* Netrek */ = {
			isa = PBXNativeTarget;
			buildConfigurationList = 2F75016522299E55002040A7 /* Build configuration list for PBXNativeTarget "Netrek" */;
			buildPhases = (
				2F75015122299E55002040A7 /* Sources */,
				2F75015222299E55002040A7 /* Frameworks */,
				2F75015322299E55002040A7 /* Resources */,
			);
			buildRules = (
			);
			dependencies = (
			);
			name = Netrek;
			productName = Netrek;
			productReference = 2F75015522299E55002040A7 /* Netrek.app */;
			productType = "com.apple.product-type.application";
		};
/* End PBXNativeTarget section */

/* Begin PBXProject section */
		2F75014D22299E55002040A7 /* Project object */ = {
			isa = PBXProject;
			attributes = {
				LastSwiftUpdateCheck = 1010;
				LastUpgradeCheck = 1010;
				ORGANIZATIONNAME = "Network Mom LLC";
				TargetAttributes = {
					2F75015422299E55002040A7 = {
						CreatedOnToolsVersion = 10.1;
						LastSwiftMigration = 1020;
						SystemCapabilities = {
							com.apple.HardenedRuntime = {
								enabled = 1;
							};
							com.apple.InAppPurchase = {
								enabled = 1;
							};
							com.apple.Sandbox = {
								enabled = 1;
							};
						};
					};
				};
			};
			buildConfigurationList = 2F75015022299E55002040A7 /* Build configuration list for PBXProject "Netrek" */;
			compatibilityVersion = "Xcode 9.3";
			developmentRegion = en;
			hasScannedForEncodings = 0;
			knownRegions = (
				Base,
				"en-US",
			);
			mainGroup = 2F75014C22299E55002040A7;
			productRefGroup = 2F75015622299E55002040A7 /* Products */;
			projectDirPath = "";
			projectRoot = "";
			targets = (
				2F75015422299E55002040A7 /* Netrek */,
			);
		};
/* End PBXProject section */

/* Begin PBXResourcesBuildPhase section */
		2F75015322299E55002040A7 /* Resources */ = {
			isa = PBXResourcesBuildPhase;
			buildActionMask = 2147483647;
			files = (
				2FA666052239862100F0CA76 /* 175266__jonccox__gun-spark.wav in Resources */,
				2F03C86D225046110029B190 /* opensslconf.h.orig in Resources */,
				2F03C9652252ED510029B190 /* Netrek.help in Resources */,
				2FA666022239862100F0CA76 /* 175270__jonccox__gun-zap.wav in Resources */,
				2FA665F52239770200F0CA76 /* Credits.rtf in Resources */,
				2F03C86C225046110029B190 /* version-1.1.1a in Resources */,
				2FA666082239987400F0CA76 /* 71852__ludvique__digital-whoosh-soft.wav in Resources */,
				2FD339D6223C8EA3009AA1E8 /* ManualServerController.xib in Resources */,
				2FA665FA22397E1300F0CA76 /* 399303__deleted-user-5405837__explosion-012.mp3 in Resources */,
				2FA666012239862100F0CA76 /* 175269__jonccox__gun-zap2.wav in Resources */,
				2F75015D22299E55002040A7 /* Assets.xcassets in Resources */,
				2FA666032239862100F0CA76 /* 175267__jonccox__gun-plasma.wav in Resources */,
				2FA666042239862100F0CA76 /* 175265__jonccox__gun-thumper.wav in Resources */,
				2FA666062239862100F0CA76 /* 175262__jonccox__gun-cannon.wav in Resources */,
				2F75016022299E55002040A7 /* Main.storyboard in Resources */,
			);
			runOnlyForDeploymentPostprocessing = 0;
		};
/* End PBXResourcesBuildPhase section */

/* Begin PBXSourcesBuildPhase section */
		2F75015122299E55002040A7 /* Sources */ = {
			isa = PBXSourcesBuildPhase;
			buildActionMask = 2147483647;
			files = (
				2F7501A0222C8E59002040A7 /* Tuple16.swift in Sources */,
				2F7501A2222C930B002040A7 /* packets-extensions.swift in Sources */,
				2F75016C2229FA22002040A7 /* MetaServerEntry.swift in Sources */,
				2FA665F722397B1B00F0CA76 /* SoundController.swift in Sources */,
				2FA6660A2239A4F500F0CA76 /* ControlPreferencesController.swift in Sources */,
				2F750185222B2476002040A7 /* PacketAnalyzer.swift in Sources */,
				2FA665EF2238A67800F0CA76 /* ShieldFactory.swift in Sources */,
				2F94A83322324C2600FAAF39 /* SKView-extensions.swift in Sources */,
				2F7501B1222F5AD9002040A7 /* TacticalViewController.swift in Sources */,
				2FDCD3E5223B27FF00C0AE67 /* LoginInformationController.swift in Sources */,
				2F7501AA222F2CBE002040A7 /* Laser.swift in Sources */,
				2F03C7FA225035570029B190 /* TipController.swift in Sources */,
				2FDCD3DF2239C9C300C0AE67 /* OtherPreferencesController.swift in Sources */,
				2FD8567422335770005165C1 /* PlayerListViewController.swift in Sources */,
				2FD8569A22346760005165C1 /* HUDView.swift in Sources */,
				2F75017E222A57EC002040A7 /* NetworkDelegate.swift in Sources */,
				2F75016E2229FFE8002040A7 /* MetaServer.swift in Sources */,
				2F750196222B6048002040A7 /* Player.swift in Sources */,
				2F75015B22299E55002040A7 /* OverallViewController.swift in Sources */,
				2F750179222A4461002040A7 /* TcpReader.swift in Sources */,
				2F7501A8222F251B002040A7 /* Torpedo.swift in Sources */,
				2F7501AC222F42E0002040A7 /* Plasma.swift in Sources */,
				2FD8569E2234C660005165C1 /* SendMessageViewController.swift in Sources */,
				2FD856962234222D005165C1 /* StrategicView.swift in Sources */,
				2FD339CE223C2A43009AA1E8 /* KeychainService.swift in Sources */,
				2F7501B3222F5B8F002040A7 /* StrategicViewController.swift in Sources */,
				2F75015922299E55002040A7 /* AppDelegate.swift in Sources */,
				2FD8569C22347566005165C1 /* ShipInfo.swift in Sources */,
				2FD8569822346743005165C1 /* HUDViewController.swift in Sources */,
				2FD339FA2242E50C009AA1E8 /* OverallWindowController.swift in Sources */,
				2F7501A4222CA33C002040A7 /* packets.swift in Sources */,
				2FDCD3E7223B354200C0AE67 /* UserDefaults-extensions.swift in Sources */,
				2F03C87622504B250029B190 /* SwiftyLocalReceiptValidator.swift in Sources */,
				2FA6660E2239A8C300F0CA76 /* Label.swift in Sources */,
				2F7501B5222F5BD7002040A7 /* TacticalView.swift in Sources */,
				2FD339D5223C8EA3009AA1E8 /* ManualServerController.swift in Sources */,
				2F750198222B66AF002040A7 /* Data-extensions.swift in Sources */,
				2FA666102239ABFD00F0CA76 /* FlipView.swift in Sources */,
				2F750180222AEC8B002040A7 /* MakePacket.swift in Sources */,
				2F94A8312231AEA800FAAF39 /* NetrekMath.swift in Sources */,
				2F750183222AF698002040A7 /* enumerations.swift in Sources */,
				2FA6660C2239A5CA00F0CA76 /* FlipScrollView.swift in Sources */,
				2F03C87522504B250029B190 /* pkcs7_union_accessors.c in Sources */,
				2F03C7F822500D370029B190 /* Hint.swift in Sources */,
				2F75019A222C33D6002040A7 /* Planet.swift in Sources */,
				2F94A8352233009600FAAF39 /* KeymapController.swift in Sources */,
				2F94A82F2230DA3B00FAAF39 /* TacticalScene.swift in Sources */,
				2F750171222A21BE002040A7 /* Collection-extensions.swift in Sources */,
				2F750189222B4532002040A7 /* MessageViewController.swift in Sources */,
				2F750194222B6019002040A7 /* Universe.swift in Sources */,
				2F75017B222A4956002040A7 /* Globals.swift in Sources */,
				2FD8569422337CFC005165C1 /* PlayerView.swift in Sources */,
			);
			runOnlyForDeploymentPostprocessing = 0;
		};
/* End PBXSourcesBuildPhase section */

/* Begin PBXVariantGroup section */
		2F75015E22299E55002040A7 /* Main.storyboard */ = {
			isa = PBXVariantGroup;
			children = (
				2F75015F22299E55002040A7 /* Base */,
			);
			name = Main.storyboard;
			sourceTree = "<group>";
		};
/* End PBXVariantGroup section */

/* Begin XCBuildConfiguration section */
		2F75016322299E55002040A7 /* Debug */ = {
			isa = XCBuildConfiguration;
			buildSettings = {
				ALWAYS_SEARCH_USER_PATHS = NO;
				CLANG_ANALYZER_NONNULL = YES;
				CLANG_ANALYZER_NUMBER_OBJECT_CONVERSION = YES_AGGRESSIVE;
				CLANG_CXX_LANGUAGE_STANDARD = "gnu++14";
				CLANG_CXX_LIBRARY = "libc++";
				CLANG_ENABLE_MODULES = YES;
				CLANG_ENABLE_OBJC_ARC = YES;
				CLANG_ENABLE_OBJC_WEAK = YES;
				CLANG_WARN_BLOCK_CAPTURE_AUTORELEASING = YES;
				CLANG_WARN_BOOL_CONVERSION = YES;
				CLANG_WARN_COMMA = YES;
				CLANG_WARN_CONSTANT_CONVERSION = YES;
				CLANG_WARN_DEPRECATED_OBJC_IMPLEMENTATIONS = YES;
				CLANG_WARN_DIRECT_OBJC_ISA_USAGE = YES_ERROR;
				CLANG_WARN_DOCUMENTATION_COMMENTS = YES;
				CLANG_WARN_EMPTY_BODY = YES;
				CLANG_WARN_ENUM_CONVERSION = YES;
				CLANG_WARN_INFINITE_RECURSION = YES;
				CLANG_WARN_INT_CONVERSION = YES;
				CLANG_WARN_NON_LITERAL_NULL_CONVERSION = YES;
				CLANG_WARN_OBJC_IMPLICIT_RETAIN_SELF = YES;
				CLANG_WARN_OBJC_LITERAL_CONVERSION = YES;
				CLANG_WARN_OBJC_ROOT_CLASS = YES_ERROR;
				CLANG_WARN_RANGE_LOOP_ANALYSIS = YES;
				CLANG_WARN_STRICT_PROTOTYPES = YES;
				CLANG_WARN_SUSPICIOUS_MOVE = YES;
				CLANG_WARN_UNGUARDED_AVAILABILITY = YES_AGGRESSIVE;
				CLANG_WARN_UNREACHABLE_CODE = YES;
				CLANG_WARN__DUPLICATE_METHOD_MATCH = YES;
				CODE_SIGN_IDENTITY = "Mac Developer";
				COPY_PHASE_STRIP = NO;
				DEBUG_INFORMATION_FORMAT = dwarf;
				ENABLE_STRICT_OBJC_MSGSEND = YES;
				ENABLE_TESTABILITY = YES;
				GCC_C_LANGUAGE_STANDARD = gnu11;
				GCC_DYNAMIC_NO_PIC = NO;
				GCC_NO_COMMON_BLOCKS = YES;
				GCC_OPTIMIZATION_LEVEL = 0;
				GCC_PREPROCESSOR_DEFINITIONS = (
					"DEBUG=1",
					"$(inherited)",
				);
				GCC_WARN_64_TO_32_BIT_CONVERSION = YES;
				GCC_WARN_ABOUT_RETURN_TYPE = YES_ERROR;
				GCC_WARN_UNDECLARED_SELECTOR = YES;
				GCC_WARN_UNINITIALIZED_AUTOS = YES_AGGRESSIVE;
				GCC_WARN_UNUSED_FUNCTION = YES;
				GCC_WARN_UNUSED_VARIABLE = YES;
				MACOSX_DEPLOYMENT_TARGET = 10.14;
				MTL_ENABLE_DEBUG_INFO = INCLUDE_SOURCE;
				MTL_FAST_MATH = YES;
				ONLY_ACTIVE_ARCH = YES;
				SDKROOT = macosx;
				SWIFT_ACTIVE_COMPILATION_CONDITIONS = DEBUG;
				SWIFT_OPTIMIZATION_LEVEL = "-Onone";
			};
			name = Debug;
		};
		2F75016422299E55002040A7 /* Release */ = {
			isa = XCBuildConfiguration;
			buildSettings = {
				ALWAYS_SEARCH_USER_PATHS = NO;
				CLANG_ANALYZER_NONNULL = YES;
				CLANG_ANALYZER_NUMBER_OBJECT_CONVERSION = YES_AGGRESSIVE;
				CLANG_CXX_LANGUAGE_STANDARD = "gnu++14";
				CLANG_CXX_LIBRARY = "libc++";
				CLANG_ENABLE_MODULES = YES;
				CLANG_ENABLE_OBJC_ARC = YES;
				CLANG_ENABLE_OBJC_WEAK = YES;
				CLANG_WARN_BLOCK_CAPTURE_AUTORELEASING = YES;
				CLANG_WARN_BOOL_CONVERSION = YES;
				CLANG_WARN_COMMA = YES;
				CLANG_WARN_CONSTANT_CONVERSION = YES;
				CLANG_WARN_DEPRECATED_OBJC_IMPLEMENTATIONS = YES;
				CLANG_WARN_DIRECT_OBJC_ISA_USAGE = YES_ERROR;
				CLANG_WARN_DOCUMENTATION_COMMENTS = YES;
				CLANG_WARN_EMPTY_BODY = YES;
				CLANG_WARN_ENUM_CONVERSION = YES;
				CLANG_WARN_INFINITE_RECURSION = YES;
				CLANG_WARN_INT_CONVERSION = YES;
				CLANG_WARN_NON_LITERAL_NULL_CONVERSION = YES;
				CLANG_WARN_OBJC_IMPLICIT_RETAIN_SELF = YES;
				CLANG_WARN_OBJC_LITERAL_CONVERSION = YES;
				CLANG_WARN_OBJC_ROOT_CLASS = YES_ERROR;
				CLANG_WARN_RANGE_LOOP_ANALYSIS = YES;
				CLANG_WARN_STRICT_PROTOTYPES = YES;
				CLANG_WARN_SUSPICIOUS_MOVE = YES;
				CLANG_WARN_UNGUARDED_AVAILABILITY = YES_AGGRESSIVE;
				CLANG_WARN_UNREACHABLE_CODE = YES;
				CLANG_WARN__DUPLICATE_METHOD_MATCH = YES;
				CODE_SIGN_IDENTITY = "Mac Developer";
				COPY_PHASE_STRIP = NO;
				DEBUG_INFORMATION_FORMAT = "dwarf-with-dsym";
				ENABLE_NS_ASSERTIONS = NO;
				ENABLE_STRICT_OBJC_MSGSEND = YES;
				GCC_C_LANGUAGE_STANDARD = gnu11;
				GCC_NO_COMMON_BLOCKS = YES;
				GCC_WARN_64_TO_32_BIT_CONVERSION = YES;
				GCC_WARN_ABOUT_RETURN_TYPE = YES_ERROR;
				GCC_WARN_UNDECLARED_SELECTOR = YES;
				GCC_WARN_UNINITIALIZED_AUTOS = YES_AGGRESSIVE;
				GCC_WARN_UNUSED_FUNCTION = YES;
				GCC_WARN_UNUSED_VARIABLE = YES;
				MACOSX_DEPLOYMENT_TARGET = 10.14;
				MTL_ENABLE_DEBUG_INFO = NO;
				MTL_FAST_MATH = YES;
				SDKROOT = macosx;
				SWIFT_COMPILATION_MODE = wholemodule;
				SWIFT_OPTIMIZATION_LEVEL = "-O";
			};
			name = Release;
		};
		2F75016622299E55002040A7 /* Debug */ = {
			isa = XCBuildConfiguration;
			buildSettings = {
				ASSETCATALOG_COMPILER_APPICON_NAME = AppIcon;
				CLANG_ENABLE_MODULES = YES;
				CODE_SIGN_ENTITLEMENTS = Netrek/Netrek.entitlements;
				CODE_SIGN_STYLE = Automatic;
				COMBINE_HIDPI_IMAGES = YES;
				DEVELOPMENT_TEAM = 8DU2Q8ABKY;
				ENABLE_HARDENED_RUNTIME = YES;
				HEADER_SEARCH_PATHS = /Users/droot/Dropbox/Netrek/Netrek/OpenSSL/include/;
				INFOPLIST_FILE = Netrek/Info.plist;
				LD_RUNPATH_SEARCH_PATHS = (
					"$(inherited)",
					"@executable_path/../Frameworks",
				);
				LIBRARY_SEARCH_PATHS = (
					"$(inherited)",
					"$(PROJECT_DIR)/Netrek/OpenSSL/lib",
				);
				PRODUCT_BUNDLE_IDENTIFIER = net.networkmom.netrek;
				PRODUCT_NAME = "$(TARGET_NAME)";
				SWIFT_OBJC_BRIDGING_HEADER = "Netrek/Resources/Netrek-Bridging-Header.h";
				SWIFT_OPTIMIZATION_LEVEL = "-Onone";
				SWIFT_VERSION = 5.0;
			};
			name = Debug;
		};
		2F75016722299E55002040A7 /* Release */ = {
			isa = XCBuildConfiguration;
			buildSettings = {
				ASSETCATALOG_COMPILER_APPICON_NAME = AppIcon;
				CLANG_ENABLE_MODULES = YES;
				CODE_SIGN_ENTITLEMENTS = Netrek/Netrek.entitlements;
				CODE_SIGN_STYLE = Automatic;
				COMBINE_HIDPI_IMAGES = YES;
				DEVELOPMENT_TEAM = 8DU2Q8ABKY;
				ENABLE_HARDENED_RUNTIME = YES;
				HEADER_SEARCH_PATHS = /Users/droot/Dropbox/Netrek/Netrek/OpenSSL/include/;
				INFOPLIST_FILE = Netrek/Info.plist;
				LD_RUNPATH_SEARCH_PATHS = (
					"$(inherited)",
					"@executable_path/../Frameworks",
				);
				LIBRARY_SEARCH_PATHS = (
					"$(inherited)",
					"$(PROJECT_DIR)/Netrek/OpenSSL/lib",
				);
				PRODUCT_BUNDLE_IDENTIFIER = net.networkmom.netrek;
				PRODUCT_NAME = "$(TARGET_NAME)";
				SWIFT_OBJC_BRIDGING_HEADER = "Netrek/Resources/Netrek-Bridging-Header.h";
				SWIFT_VERSION = 5.0;
			};
			name = Release;
		};
/* End XCBuildConfiguration section */

/* Begin XCConfigurationList section */
		2F75015022299E55002040A7 /* Build configuration list for PBXProject "Netrek" */ = {
			isa = XCConfigurationList;
			buildConfigurations = (
				2F75016322299E55002040A7 /* Debug */,
				2F75016422299E55002040A7 /* Release */,
			);
			defaultConfigurationIsVisible = 0;
			defaultConfigurationName = Release;
		};
		2F75016522299E55002040A7 /* Build configuration list for PBXNativeTarget "Netrek" */ = {
			isa = XCConfigurationList;
			buildConfigurations = (
				2F75016622299E55002040A7 /* Debug */,
				2F75016722299E55002040A7 /* Release */,
			);
			defaultConfigurationIsVisible = 0;
			defaultConfigurationName = Release;
		};
/* End XCConfigurationList section */
	};
	rootObject = 2F75014D22299E55002040A7 /* Project object */;
}
